// !$*UTF8*$!
{
	archiveVersion = 1;
	classes = {
	};
	objectVersion = 50;
	objects = {

/* Begin PBXBuildFile section */
		D6288D2825E2B5DB00D73A61 /* AppDelegate.swift in Sources */ = {isa = PBXBuildFile; fileRef = D6288D2725E2B5DB00D73A61 /* AppDelegate.swift */; };
		D6288D2A25E2B5DB00D73A61 /* SceneDelegate.swift in Sources */ = {isa = PBXBuildFile; fileRef = D6288D2925E2B5DB00D73A61 /* SceneDelegate.swift */; };
		D6288D2C25E2B5DB00D73A61 /* ViewController.swift in Sources */ = {isa = PBXBuildFile; fileRef = D6288D2B25E2B5DB00D73A61 /* ViewController.swift */; };
		D6288D2F25E2B5DB00D73A61 /* Main.storyboard in Resources */ = {isa = PBXBuildFile; fileRef = D6288D2D25E2B5DB00D73A61 /* Main.storyboard */; };
		D6288D3125E2B5DD00D73A61 /* Assets.xcassets in Resources */ = {isa = PBXBuildFile; fileRef = D6288D3025E2B5DD00D73A61 /* Assets.xcassets */; };
		D6288D3425E2B5DD00D73A61 /* LaunchScreen.storyboard in Resources */ = {isa = PBXBuildFile; fileRef = D6288D3225E2B5DD00D73A61 /* LaunchScreen.storyboard */; };
/* End PBXBuildFile section */

/* Begin PBXFileReference section */
		D6288D2425E2B5DB00D73A61 /* ReadingPiece.app */ = {isa = PBXFileReference; explicitFileType = wrapper.application; includeInIndex = 0; path = ReadingPiece.app; sourceTree = BUILT_PRODUCTS_DIR; };
		D6288D2725E2B5DB00D73A61 /* AppDelegate.swift */ = {isa = PBXFileReference; lastKnownFileType = sourcecode.swift; path = AppDelegate.swift; sourceTree = "<group>"; };
		D6288D2925E2B5DB00D73A61 /* SceneDelegate.swift */ = {isa = PBXFileReference; lastKnownFileType = sourcecode.swift; path = SceneDelegate.swift; sourceTree = "<group>"; };
		D6288D2B25E2B5DB00D73A61 /* ViewController.swift */ = {isa = PBXFileReference; lastKnownFileType = sourcecode.swift; path = ViewController.swift; sourceTree = "<group>"; };
		D6288D2E25E2B5DB00D73A61 /* Base */ = {isa = PBXFileReference; lastKnownFileType = file.storyboard; name = Base; path = Base.lproj/Main.storyboard; sourceTree = "<group>"; };
		D6288D3025E2B5DD00D73A61 /* Assets.xcassets */ = {isa = PBXFileReference; lastKnownFileType = folder.assetcatalog; path = Assets.xcassets; sourceTree = "<group>"; };
		D6288D3325E2B5DD00D73A61 /* Base */ = {isa = PBXFileReference; lastKnownFileType = file.storyboard; name = Base; path = Base.lproj/LaunchScreen.storyboard; sourceTree = "<group>"; };
		D6288D3525E2B5DD00D73A61 /* Info.plist */ = {isa = PBXFileReference; lastKnownFileType = text.plist.xml; path = Info.plist; sourceTree = "<group>"; };
/* End PBXFileReference section */

/* Begin PBXFrameworksBuildPhase section */
		D6288D2125E2B5DB00D73A61 /* Frameworks */ = {
			isa = PBXFrameworksBuildPhase;
			buildActionMask = 2147483647;
			files = (
			);
			runOnlyForDeploymentPostprocessing = 0;
		};
/* End PBXFrameworksBuildPhase section */

/* Begin PBXGroup section */
		D6288D1B25E2B5DB00D73A61 = {
			isa = PBXGroup;
			children = (
				D6288D2625E2B5DB00D73A61 /* ReadingPiece */,
				D6288D2525E2B5DB00D73A61 /* Products */,
			);
			sourceTree = "<group>";
		};
		D6288D2525E2B5DB00D73A61 /* Products */ = {
			isa = PBXGroup;
			children = (
				D6288D2425E2B5DB00D73A61 /* ReadingPiece.app */,
			);
			name = Products;
			sourceTree = "<group>";
		};
		D6288D2625E2B5DB00D73A61 /* ReadingPiece */ = {
			isa = PBXGroup;
			children = (
				D6288D2725E2B5DB00D73A61 /* AppDelegate.swift */,
				D6288D2925E2B5DB00D73A61 /* SceneDelegate.swift */,
				D6288D2B25E2B5DB00D73A61 /* ViewController.swift */,
				D6288D2D25E2B5DB00D73A61 /* Main.storyboard */,
				D6288D3025E2B5DD00D73A61 /* Assets.xcassets */,
				D6288D3225E2B5DD00D73A61 /* LaunchScreen.storyboard */,
				D6288D3525E2B5DD00D73A61 /* Info.plist */,
			);
			path = ReadingPiece;
			sourceTree = "<group>";
		};
/* End PBXGroup section */

/* Begin PBXNativeTarget section */
		D6288D2325E2B5DB00D73A61 /* ReadingPiece */ = {
			isa = PBXNativeTarget;
			buildConfigurationList = D6288D3825E2B5DD00D73A61 /* Build configuration list for PBXNativeTarget "ReadingPiece" */;
			buildPhases = (
				D6288D2025E2B5DB00D73A61 /* Sources */,
				D6288D2125E2B5DB00D73A61 /* Frameworks */,
				D6288D2225E2B5DB00D73A61 /* Resources */,
			);
			buildRules = (
			);
			dependencies = (
			);
			name = ReadingPiece;
			productName = ReadingPiece;
			productReference = D6288D2425E2B5DB00D73A61 /* ReadingPiece.app */;
			productType = "com.apple.product-type.application";
		};
/* End PBXNativeTarget section */

/* Begin PBXProject section */
		D6288D1C25E2B5DB00D73A61 /* Project object */ = {
			isa = PBXProject;
			attributes = {
				LastSwiftUpdateCheck = 1240;
				LastUpgradeCheck = 1240;
				TargetAttributes = {
					D6288D2325E2B5DB00D73A61 = {
						CreatedOnToolsVersion = 12.4;
					};
				};
			};
			buildConfigurationList = D6288D1F25E2B5DB00D73A61 /* Build configuration list for PBXProject "ReadingPiece" */;
			compatibilityVersion = "Xcode 9.3";
			developmentRegion = en;
			hasScannedForEncodings = 0;
			knownRegions = (
				en,
				Base,
			);
			mainGroup = D6288D1B25E2B5DB00D73A61;
			productRefGroup = D6288D2525E2B5DB00D73A61 /* Products */;
			projectDirPath = "";
			projectRoot = "";
			targets = (
				D6288D2325E2B5DB00D73A61 /* ReadingPiece */,
			);
		};
/* End PBXProject section */

/* Begin PBXResourcesBuildPhase section */
		D6288D2225E2B5DB00D73A61 /* Resources */ = {
			isa = PBXResourcesBuildPhase;
			buildActionMask = 2147483647;
			files = (
				D6288D3425E2B5DD00D73A61 /* LaunchScreen.storyboard in Resources */,
				D6288D3125E2B5DD00D73A61 /* Assets.xcassets in Resources */,
				D6288D2F25E2B5DB00D73A61 /* Main.storyboard in Resources */,
			);
			runOnlyForDeploymentPostprocessing = 0;
		};
/* End PBXResourcesBuildPhase section */

/* Begin PBXSourcesBuildPhase section */
		D6288D2025E2B5DB00D73A61 /* Sources */ = {
			isa = PBXSourcesBuildPhase;
			buildActionMask = 2147483647;
			files = (
				D6288D2C25E2B5DB00D73A61 /* ViewController.swift in Sources */,
				D6288D2825E2B5DB00D73A61 /* AppDelegate.swift in Sources */,
				D6288D2A25E2B5DB00D73A61 /* SceneDelegate.swift in Sources */,
			);
			runOnlyForDeploymentPostprocessing = 0;
		};
/* End PBXSourcesBuildPhase section */

/* Begin PBXVariantGroup section */
		D6288D2D25E2B5DB00D73A61 /* Main.storyboard */ = {
			isa = PBXVariantGroup;
			children = (
				D6288D2E25E2B5DB00D73A61 /* Base */,
			);
			name = Main.storyboard;
			sourceTree = "<group>";
		};
		D6288D3225E2B5DD00D73A61 /* LaunchScreen.storyboard */ = {
			isa = PBXVariantGroup;
			children = (
				D6288D3325E2B5DD00D73A61 /* Base */,
			);
			name = LaunchScreen.storyboard;
			sourceTree = "<group>";
		};
/* End PBXVariantGroup section */

/* Begin XCBuildConfiguration section */
		D6288D3625E2B5DD00D73A61 /* Debug */ = {
			isa = XCBuildConfiguration;
			buildSettings = {
				ALWAYS_SEARCH_USER_PATHS = NO;
				CLANG_ANALYZER_NONNULL = YES;
				CLANG_ANALYZER_NUMBER_OBJECT_CONVERSION = YES_AGGRESSIVE;
				CLANG_CXX_LANGUAGE_STANDARD = "gnu++14";
				CLANG_CXX_LIBRARY = "libc++";
				CLANG_ENABLE_MODULES = YES;
				CLANG_ENABLE_OBJC_ARC = YES;
				CLANG_ENABLE_OBJC_WEAK = YES;
				CLANG_WARN_BLOCK_CAPTURE_AUTORELEASING = YES;
				CLANG_WARN_BOOL_CONVERSION = YES;
				CLANG_WARN_COMMA = YES;
				CLANG_WARN_CONSTANT_CONVERSION = YES;
				CLANG_WARN_DEPRECATED_OBJC_IMPLEMENTATIONS = YES;
				CLANG_WARN_DIRECT_OBJC_ISA_USAGE = YES_ERROR;
				CLANG_WARN_DOCUMENTATION_COMMENTS = YES;
				CLANG_WARN_EMPTY_BODY = YES;
				CLANG_WARN_ENUM_CONVERSION = YES;
				CLANG_WARN_INFINITE_RECURSION = YES;
				CLANG_WARN_INT_CONVERSION = YES;
				CLANG_WARN_NON_LITERAL_NULL_CONVERSION = YES;
				CLANG_WARN_OBJC_IMPLICIT_RETAIN_SELF = YES;
				CLANG_WARN_OBJC_LITERAL_CONVERSION = YES;
				CLANG_WARN_OBJC_ROOT_CLASS = YES_ERROR;
				CLANG_WARN_QUOTED_INCLUDE_IN_FRAMEWORK_HEADER = YES;
				CLANG_WARN_RANGE_LOOP_ANALYSIS = YES;
				CLANG_WARN_STRICT_PROTOTYPES = YES;
				CLANG_WARN_SUSPICIOUS_MOVE = YES;
				CLANG_WARN_UNGUARDED_AVAILABILITY = YES_AGGRESSIVE;
				CLANG_WARN_UNREACHABLE_CODE = YES;
				CLANG_WARN__DUPLICATE_METHOD_MATCH = YES;
				COPY_PHASE_STRIP = NO;
				DEBUG_INFORMATION_FORMAT = dwarf;
				ENABLE_STRICT_OBJC_MSGSEND = YES;
				ENABLE_TESTABILITY = YES;
				GCC_C_LANGUAGE_STANDARD = gnu11;
				GCC_DYNAMIC_NO_PIC = NO;
				GCC_NO_COMMON_BLOCKS = YES;
				GCC_OPTIMIZATION_LEVEL = 0;
				GCC_PREPROCESSOR_DEFINITIONS = (
					"DEBUG=1",
					"$(inherited)",
				);
				GCC_WARN_64_TO_32_BIT_CONVERSION = YES;
				GCC_WARN_ABOUT_RETURN_TYPE = YES_ERROR;
				GCC_WARN_UNDECLARED_SELECTOR = YES;
				GCC_WARN_UNINITIALIZED_AUTOS = YES_AGGRESSIVE;
				GCC_WARN_UNUSED_FUNCTION = YES;
				GCC_WARN_UNUSED_VARIABLE = YES;
				IPHONEOS_DEPLOYMENT_TARGET = 14.4;
				MTL_ENABLE_DEBUG_INFO = INCLUDE_SOURCE;
				MTL_FAST_MATH = YES;
				ONLY_ACTIVE_ARCH = YES;
				SDKROOT = iphoneos;
				SWIFT_ACTIVE_COMPILATION_CONDITIONS = DEBUG;
				SWIFT_OPTIMIZATION_LEVEL = "-Onone";
			};
			name = Debug;
		};
		D6288D3725E2B5DD00D73A61 /* Release */ = {
			isa = XCBuildConfiguration;
			buildSettings = {
				ALWAYS_SEARCH_USER_PATHS = NO;
				CLANG_ANALYZER_NONNULL = YES;
				CLANG_ANALYZER_NUMBER_OBJECT_CONVERSION = YES_AGGRESSIVE;
				CLANG_CXX_LANGUAGE_STANDARD = "gnu++14";
				CLANG_CXX_LIBRARY = "libc++";
				CLANG_ENABLE_MODULES = YES;
				CLANG_ENABLE_OBJC_ARC = YES;
				CLANG_ENABLE_OBJC_WEAK = YES;
				CLANG_WARN_BLOCK_CAPTURE_AUTORELEASING = YES;
				CLANG_WARN_BOOL_CONVERSION = YES;
				CLANG_WARN_COMMA = YES;
				CLANG_WARN_CONSTANT_CONVERSION = YES;
				CLANG_WARN_DEPRECATED_OBJC_IMPLEMENTATIONS = YES;
				CLANG_WARN_DIRECT_OBJC_ISA_USAGE = YES_ERROR;
				CLANG_WARN_DOCUMENTATION_COMMENTS = YES;
				CLANG_WARN_EMPTY_BODY = YES;
				CLANG_WARN_ENUM_CONVERSION = YES;
				CLANG_WARN_INFINITE_RECURSION = YES;
				CLANG_WARN_INT_CONVERSION = YES;
				CLANG_WARN_NON_LITERAL_NULL_CONVERSION = YES;
				CLANG_WARN_OBJC_IMPLICIT_RETAIN_SELF = YES;
				CLANG_WARN_OBJC_LITERAL_CONVERSION = YES;
				CLANG_WARN_OBJC_ROOT_CLASS = YES_ERROR;
				CLANG_WARN_QUOTED_INCLUDE_IN_FRAMEWORK_HEADER = YES;
				CLANG_WARN_RANGE_LOOP_ANALYSIS = YES;
				CLANG_WARN_STRICT_PROTOTYPES = YES;
				CLANG_WARN_SUSPICIOUS_MOVE = YES;
				CLANG_WARN_UNGUARDED_AVAILABILITY = YES_AGGRESSIVE;
				CLANG_WARN_UNREACHABLE_CODE = YES;
				CLANG_WARN__DUPLICATE_METHOD_MATCH = YES;
				COPY_PHASE_STRIP = NO;
				DEBUG_INFORMATION_FORMAT = "dwarf-with-dsym";
				ENABLE_NS_ASSERTIONS = NO;
				ENABLE_STRICT_OBJC_MSGSEND = YES;
				GCC_C_LANGUAGE_STANDARD = gnu11;
				GCC_NO_COMMON_BLOCKS = YES;
				GCC_WARN_64_TO_32_BIT_CONVERSION = YES;
				GCC_WARN_ABOUT_RETURN_TYPE = YES_ERROR;
				GCC_WARN_UNDECLARED_SELECTOR = YES;
				GCC_WARN_UNINITIALIZED_AUTOS = YES_AGGRESSIVE;
				GCC_WARN_UNUSED_FUNCTION = YES;
				GCC_WARN_UNUSED_VARIABLE = YES;
				IPHONEOS_DEPLOYMENT_TARGET = 14.4;
				MTL_ENABLE_DEBUG_INFO = NO;
				MTL_FAST_MATH = YES;
				SDKROOT = iphoneos;
				SWIFT_COMPILATION_MODE = wholemodule;
				SWIFT_OPTIMIZATION_LEVEL = "-O";
				VALIDATE_PRODUCT = YES;
			};
			name = Release;
		};
		D6288D3925E2B5DD00D73A61 /* Debug */ = {
			isa = XCBuildConfiguration;
			buildSettings = {
				ASSETCATALOG_COMPILER_APPICON_NAME = AppIcon;
				ASSETCATALOG_COMPILER_GLOBAL_ACCENT_COLOR_NAME = AccentColor;
				CODE_SIGN_STYLE = Automatic;
				DEVELOPMENT_TEAM = 8K437BLHFS;
				INFOPLIST_FILE = ReadingPiece/Info.plist;
				LD_RUNPATH_SEARCH_PATHS = (
					"$(inherited)",
					"@executable_path/Frameworks",
				);
				PRODUCT_BUNDLE_IDENTIFIER = makeus.ReadingPiece;
				PRODUCT_NAME = "$(TARGET_NAME)";
				SWIFT_VERSION = 5.0;
				TARGETED_DEVICE_FAMILY = "1,2";
			};
			name = Debug;
		};
		D6288D3A25E2B5DD00D73A61 /* Release */ = {
			isa = XCBuildConfiguration;
			buildSettings = {
				ASSETCATALOG_COMPILER_APPICON_NAME = AppIcon;
				ASSETCATALOG_COMPILER_GLOBAL_ACCENT_COLOR_NAME = AccentColor;
				CODE_SIGN_STYLE = Automatic;
				DEVELOPMENT_TEAM = 8K437BLHFS;
				INFOPLIST_FILE = ReadingPiece/Info.plist;
				LD_RUNPATH_SEARCH_PATHS = (
					"$(inherited)",
					"@executable_path/Frameworks",
				);
				PRODUCT_BUNDLE_IDENTIFIER = makeus.ReadingPiece;
				PRODUCT_NAME = "$(TARGET_NAME)";
				SWIFT_VERSION = 5.0;
				TARGETED_DEVICE_FAMILY = "1,2";
			};
			name = Release;
		};
/* End XCBuildConfiguration section */

/* Begin XCConfigurationList section */
		D6288D1F25E2B5DB00D73A61 /* Build configuration list for PBXProject "ReadingPiece" */ = {
			isa = XCConfigurationList;
			buildConfigurations = (
				D6288D3625E2B5DD00D73A61 /* Debug */,
				D6288D3725E2B5DD00D73A61 /* Release */,
			);
			defaultConfigurationIsVisible = 0;
			defaultConfigurationName = Release;
		};
		D6288D3825E2B5DD00D73A61 /* Build configuration list for PBXNativeTarget "ReadingPiece" */ = {
			isa = XCConfigurationList;
			buildConfigurations = (
				D6288D3925E2B5DD00D73A61 /* Debug */,
				D6288D3A25E2B5DD00D73A61 /* Release */,
			);
			defaultConfigurationIsVisible = 0;
			defaultConfigurationName = Release;
		};
/* End XCConfigurationList section */
	};
	rootObject = D6288D1C25E2B5DB00D73A61 /* Project object */;
}
