// !$*UTF8*$!
{
	archiveVersion = 1;
	classes = {
	};
	objectVersion = 51;
	objects = {

/* Begin PBXBuildFile section */
		0026126D25FB23BF000B40D1 /* ChallengeTableViewCell.swift in Sources */ = {isa = PBXBuildFile; fileRef = 0026126B25FB23BF000B40D1 /* ChallengeTableViewCell.swift */; };
		0026126E25FB23BF000B40D1 /* ChallengeTableViewCell.xib in Resources */ = {isa = PBXBuildFile; fileRef = 0026126C25FB23BF000B40D1 /* ChallengeTableViewCell.xib */; };
		0026127225FB244C000B40D1 /* DaillyReadingTableViewCell.swift in Sources */ = {isa = PBXBuildFile; fileRef = 0026127025FB244C000B40D1 /* DaillyReadingTableViewCell.swift */; };
		0026127325FB244C000B40D1 /* DaillyReadingTableViewCell.xib in Resources */ = {isa = PBXBuildFile; fileRef = 0026127125FB244C000B40D1 /* DaillyReadingTableViewCell.xib */; };
		0026127625FB24E7000B40D1 /* UIButton.swift in Sources */ = {isa = PBXBuildFile; fileRef = 0026127525FB24E7000B40D1 /* UIButton.swift */; };
		0026127925FB2501000B40D1 /* CALayer.swift in Sources */ = {isa = PBXBuildFile; fileRef = 0026127825FB2501000B40D1 /* CALayer.swift */; };
		0026127C25FB2547000B40D1 /* DailyReadingWrittenViewController.swift in Sources */ = {isa = PBXBuildFile; fileRef = 0026127B25FB2547000B40D1 /* DailyReadingWrittenViewController.swift */; };
		0026127F25FB2569000B40D1 /* DaillyDiaryWrittenCompletionViewController.swift in Sources */ = {isa = PBXBuildFile; fileRef = 0026127E25FB2569000B40D1 /* DaillyDiaryWrittenCompletionViewController.swift */; };
		0026128225FB2585000B40D1 /* ChallengeCompletionViewController.swift in Sources */ = {isa = PBXBuildFile; fileRef = 0026128125FB2585000B40D1 /* ChallengeCompletionViewController.swift */; };
		0026128525FB25A3000B40D1 /* ReviewWrittenViewController.swift in Sources */ = {isa = PBXBuildFile; fileRef = 0026128425FB25A3000B40D1 /* ReviewWrittenViewController.swift */; };
		0026128825FB25BE000B40D1 /* InputReadingStatusPopupViewController.swift in Sources */ = {isa = PBXBuildFile; fileRef = 0026128725FB25BE000B40D1 /* InputReadingStatusPopupViewController.swift */; };
		005E154725FB7636003CD008 /* InputReadingPercentPopupViewController.swift in Sources */ = {isa = PBXBuildFile; fileRef = 005E154625FB7636003CD008 /* InputReadingPercentPopupViewController.swift */; };
		00838FC625F3607A00340AE0 /* Colors.swift in Sources */ = {isa = PBXBuildFile; fileRef = 00838FC525F3607A00340AE0 /* Colors.swift */; };
		00838FCE25F362DD00340AE0 /* TimerViewController.swift in Sources */ = {isa = PBXBuildFile; fileRef = 00838FCD25F362DD00340AE0 /* TimerViewController.swift */; };
		00838FD125F3640500340AE0 /* TimerStopViewController.swift in Sources */ = {isa = PBXBuildFile; fileRef = 00838FD025F3640500340AE0 /* TimerStopViewController.swift */; };
		00838FDC25F3659700340AE0 /* DaillyReadingWritenViewController.swift in Sources */ = {isa = PBXBuildFile; fileRef = 00838FDB25F3659700340AE0 /* DaillyReadingWritenViewController.swift */; };
		00838FF125F5017200340AE0 /* IndicatorView.swift in Sources */ = {isa = PBXBuildFile; fileRef = 00838FF025F5017200340AE0 /* IndicatorView.swift */; };
		00BCFD3025FB006400E1E2E7 /* NSMutableAttributedString.swift in Sources */ = {isa = PBXBuildFile; fileRef = 00BCFD2F25FB006400E1E2E7 /* NSMutableAttributedString.swift */; };
		00C3418825FD1873009B2A34 /* Firecracker.sks in Resources */ = {isa = PBXBuildFile; fileRef = 00C3418625FD1873009B2A34 /* Firecracker.sks */; };
		00C3418925FD1873009B2A34 /* Assets.xcassets in Resources */ = {isa = PBXBuildFile; fileRef = 00C3418725FD1873009B2A34 /* Assets.xcassets */; };
		00D8632425FF3E2200E9EFF9 /* ReadingBookCollectionViewCell.swift in Sources */ = {isa = PBXBuildFile; fileRef = 00D8632225FF3E2200E9EFF9 /* ReadingBookCollectionViewCell.swift */; };
		00D8632525FF3E2200E9EFF9 /* ReadingBookCollectionViewCell.xib in Resources */ = {isa = PBXBuildFile; fileRef = 00D8632325FF3E2200E9EFF9 /* ReadingBookCollectionViewCell.xib */; };
		00D8632B25FF77D200E9EFF9 /* Stopwatch.swift in Sources */ = {isa = PBXBuildFile; fileRef = 00D8632A25FF77D200E9EFF9 /* Stopwatch.swift */; };
		00D8632F25FF867F00E9EFF9 /* Constants.swift in Sources */ = {isa = PBXBuildFile; fileRef = 00D8632E25FF867F00E9EFF9 /* Constants.swift */; };
		5913B22F25EF2E0C002AAA8C /* GmarketSansMedium.otf in Resources */ = {isa = PBXBuildFile; fileRef = 5913B22E25EF2E0C002AAA8C /* GmarketSansMedium.otf */; };
		5913B23825EF2E4D002AAA8C /* NotoSansCJKkr-Regular.otf in Resources */ = {isa = PBXBuildFile; fileRef = 5913B23125EF2E47002AAA8C /* NotoSansCJKkr-Regular.otf */; };
		5913B23925EF2E4D002AAA8C /* NotoSansCJKkr-Bold.otf in Resources */ = {isa = PBXBuildFile; fileRef = 5913B23225EF2E49002AAA8C /* NotoSansCJKkr-Bold.otf */; };
		5913B23A25EF2E4D002AAA8C /* NotoSansCJKkr-Light.otf in Resources */ = {isa = PBXBuildFile; fileRef = 5913B23325EF2E49002AAA8C /* NotoSansCJKkr-Light.otf */; };
		5913B23B25EF2E4D002AAA8C /* NotoSansCJKkr-DemiLight.otf in Resources */ = {isa = PBXBuildFile; fileRef = 5913B23425EF2E4A002AAA8C /* NotoSansCJKkr-DemiLight.otf */; };
		5913B23C25EF2E4D002AAA8C /* NotoSansCJKkr-Thin.otf in Resources */ = {isa = PBXBuildFile; fileRef = 5913B23525EF2E4B002AAA8C /* NotoSansCJKkr-Thin.otf */; };
		5913B23D25EF2E4D002AAA8C /* NotoSansCJKkr-Black.otf in Resources */ = {isa = PBXBuildFile; fileRef = 5913B23625EF2E4C002AAA8C /* NotoSansCJKkr-Black.otf */; };
		5913B23E25EF2E4D002AAA8C /* NotoSansCJKkr-Medium.otf in Resources */ = {isa = PBXBuildFile; fileRef = 5913B23725EF2E4D002AAA8C /* NotoSansCJKkr-Medium.otf */; };
		599D3A9825F08A690085F134 /* MenuCell.swift in Sources */ = {isa = PBXBuildFile; fileRef = 599D3A9725F08A690085F134 /* MenuCell.swift */; };
		599D3A9B25F08A9F0085F134 /* MenuCell.xib in Resources */ = {isa = PBXBuildFile; fileRef = 599D3A9A25F08A9F0085F134 /* MenuCell.xib */; };
		599D3A9F25F08BFF0085F134 /* FocusView.xib in Resources */ = {isa = PBXBuildFile; fileRef = 599D3A9E25F08BFF0085F134 /* FocusView.xib */; };
		599D3AA425F0909B0085F134 /* ReviewViewController.swift in Sources */ = {isa = PBXBuildFile; fileRef = 599D3AA325F0909B0085F134 /* ReviewViewController.swift */; };
		599D3AA725F090B40085F134 /* JournalViewController.swift in Sources */ = {isa = PBXBuildFile; fileRef = 599D3AA625F090B40085F134 /* JournalViewController.swift */; };
		599D3AB625F11AB30085F134 /* ReviewCell.swift in Sources */ = {isa = PBXBuildFile; fileRef = 599D3AB425F11AB30085F134 /* ReviewCell.swift */; };
		599D3AB725F11AB30085F134 /* ReviewCell.xib in Resources */ = {isa = PBXBuildFile; fileRef = 599D3AB525F11AB30085F134 /* ReviewCell.xib */; };
		599D3AC125F1E32B0085F134 /* ReviewHeaderCell.swift in Sources */ = {isa = PBXBuildFile; fileRef = 599D3ABF25F1E32B0085F134 /* ReviewHeaderCell.swift */; };
		599D3AC225F1E32B0085F134 /* ReviewHeaderCell.xib in Resources */ = {isa = PBXBuildFile; fileRef = 599D3AC025F1E32B0085F134 /* ReviewHeaderCell.xib */; };
		599D3AC625F236510085F134 /* JournalCell.swift in Sources */ = {isa = PBXBuildFile; fileRef = 599D3AC425F236510085F134 /* JournalCell.swift */; };
		599D3AC725F236510085F134 /* JournalCell.xib in Resources */ = {isa = PBXBuildFile; fileRef = 599D3AC525F236510085F134 /* JournalCell.xib */; };
		599D3ACB25F240A60085F134 /* JournalHeaderCell.swift in Sources */ = {isa = PBXBuildFile; fileRef = 599D3AC925F240A60085F134 /* JournalHeaderCell.swift */; };
		599D3ACC25F240A60085F134 /* JournalHeaderCell.xib in Resources */ = {isa = PBXBuildFile; fileRef = 599D3ACA25F240A60085F134 /* JournalHeaderCell.xib */; };
		599D3AD025F26EC00085F134 /* FullReviewCell.swift in Sources */ = {isa = PBXBuildFile; fileRef = 599D3ACE25F26EC00085F134 /* FullReviewCell.swift */; };
		599D3AD125F26EC00085F134 /* FullReviewCell.xib in Resources */ = {isa = PBXBuildFile; fileRef = 599D3ACF25F26EC00085F134 /* FullReviewCell.xib */; };
		59F4F22125F5C05000E82417 /* UIFont.swift in Sources */ = {isa = PBXBuildFile; fileRef = 59F4F22025F5C05000E82417 /* UIFont.swift */; };
		59F4F22425F5C09500E82417 /* UIFont.swift in Sources */ = {isa = PBXBuildFile; fileRef = 59F4F22325F5C09500E82417 /* UIFont.swift */; };
		59F4F22C25F5C0AB00E82417 /* Review.swift in Sources */ = {isa = PBXBuildFile; fileRef = 59F4F22B25F5C0AB00E82417 /* Review.swift */; };
		59F4F22F25F5C0B400E82417 /* Review.swift in Sources */ = {isa = PBXBuildFile; fileRef = 59F4F22E25F5C0B400E82417 /* Review.swift */; };
		59F4F26A25F657A600E82417 /* ReviewDropDownCell.swift in Sources */ = {isa = PBXBuildFile; fileRef = 59F4F26825F657A600E82417 /* ReviewDropDownCell.swift */; };
		59F4F26B25F657A600E82417 /* ReviewDropDownCell.xib in Resources */ = {isa = PBXBuildFile; fileRef = 59F4F26925F657A600E82417 /* ReviewDropDownCell.xib */; };
		59F4F26F25F76CF500E82417 /* Journal.swift in Sources */ = {isa = PBXBuildFile; fileRef = 59F4F26E25F76CF500E82417 /* Journal.swift */; };
		59F4F27325F7858700E82417 /* FullJournalCell.swift in Sources */ = {isa = PBXBuildFile; fileRef = 59F4F27125F7858700E82417 /* FullJournalCell.swift */; };
		59F4F27425F7858700E82417 /* FullJournalCell.xib in Resources */ = {isa = PBXBuildFile; fileRef = 59F4F27225F7858700E82417 /* FullJournalCell.xib */; };
		59F4F2BF25F902B200E82417 /* CreateReviewViewController.swift in Sources */ = {isa = PBXBuildFile; fileRef = 59F4F2BD25F902B200E82417 /* CreateReviewViewController.swift */; };
		59F4F2C025F902B200E82417 /* CreateReviewViewController.xib in Resources */ = {isa = PBXBuildFile; fileRef = 59F4F2BE25F902B200E82417 /* CreateReviewViewController.xib */; };
		59F4F2EE25F9A5FB00E82417 /* NotoSans-SemiBold.ttf in Resources */ = {isa = PBXBuildFile; fileRef = 59F4F2ED25F9A5FA00E82417 /* NotoSans-SemiBold.ttf */; };
		59F4F2F525F9B9A300E82417 /* ReviewBookInfoCell.swift in Sources */ = {isa = PBXBuildFile; fileRef = 59F4F2F325F9B9A300E82417 /* ReviewBookInfoCell.swift */; };
		59F4F2F625F9B9A300E82417 /* ReviewBookInfoCell.xib in Resources */ = {isa = PBXBuildFile; fileRef = 59F4F2F425F9B9A300E82417 /* ReviewBookInfoCell.xib */; };
		59F4F2FA25F9BD8600E82417 /* ReviewRatingCell.swift in Sources */ = {isa = PBXBuildFile; fileRef = 59F4F2F825F9BD8600E82417 /* ReviewRatingCell.swift */; };
		59F4F2FB25F9BD8600E82417 /* ReviewRatingCell.xib in Resources */ = {isa = PBXBuildFile; fileRef = 59F4F2F925F9BD8600E82417 /* ReviewRatingCell.xib */; };
		59F4F2FF25F9C38200E82417 /* ReviewWritingCell.swift in Sources */ = {isa = PBXBuildFile; fileRef = 59F4F2FD25F9C38200E82417 /* ReviewWritingCell.swift */; };
		59F4F30025F9C38200E82417 /* ReviewWritingCell.xib in Resources */ = {isa = PBXBuildFile; fileRef = 59F4F2FE25F9C38200E82417 /* ReviewWritingCell.xib */; };
		59F4F32825F9F0B200E82417 /* SearchBookViewController.swift in Sources */ = {isa = PBXBuildFile; fileRef = 59F4F32725F9F0B200E82417 /* SearchBookViewController.swift */; };
		8BADC36FB9E62C9C754143FE /* Pods_ReadingPiece.framework in Frameworks */ = {isa = PBXBuildFile; fileRef = E33DB0BA56DAAD9787144444 /* Pods_ReadingPiece.framework */; };
		D60B364A25EE300D000E949D /* TermViewController.swift in Sources */ = {isa = PBXBuildFile; fileRef = D60B364925EE300D000E949D /* TermViewController.swift */; };
		D6288D2825E2B5DB00D73A61 /* AppDelegate.swift in Sources */ = {isa = PBXBuildFile; fileRef = D6288D2725E2B5DB00D73A61 /* AppDelegate.swift */; };
		D6288D2A25E2B5DB00D73A61 /* SceneDelegate.swift in Sources */ = {isa = PBXBuildFile; fileRef = D6288D2925E2B5DB00D73A61 /* SceneDelegate.swift */; };
		D6288D2C25E2B5DB00D73A61 /* ViewController.swift in Sources */ = {isa = PBXBuildFile; fileRef = D6288D2B25E2B5DB00D73A61 /* ViewController.swift */; };
		D6288D2F25E2B5DB00D73A61 /* Main.storyboard in Resources */ = {isa = PBXBuildFile; fileRef = D6288D2D25E2B5DB00D73A61 /* Main.storyboard */; };
		D6288D3125E2B5DD00D73A61 /* Assets.xcassets in Resources */ = {isa = PBXBuildFile; fileRef = D6288D3025E2B5DD00D73A61 /* Assets.xcassets */; };
		D6288D3425E2B5DD00D73A61 /* LaunchScreen.storyboard in Resources */ = {isa = PBXBuildFile; fileRef = D6288D3225E2B5DD00D73A61 /* LaunchScreen.storyboard */; };
		D649DDAB25E67A9E00C6CD5B /* Goal.storyboard in Resources */ = {isa = PBXBuildFile; fileRef = D649DDAA25E67A9E00C6CD5B /* Goal.storyboard */; };
		D649DDAE25E67BD500C6CD5B /* GoalNavViewController.swift in Sources */ = {isa = PBXBuildFile; fileRef = D649DDAD25E67BD500C6CD5B /* GoalNavViewController.swift */; };
		D649DDB225E6D05F00C6CD5B /* BookSearchNavViewController.swift in Sources */ = {isa = PBXBuildFile; fileRef = D649DDB125E6D05F00C6CD5B /* BookSearchNavViewController.swift */; };
		D6509DE725EAC87F000D7160 /* Login.storyboard in Resources */ = {isa = PBXBuildFile; fileRef = D6509DE625EAC87F000D7160 /* Login.storyboard */; };
		D65C7BFB25F6761700944094 /* BookReviewViewController.swift in Sources */ = {isa = PBXBuildFile; fileRef = D65C7BFA25F6761700944094 /* BookReviewViewController.swift */; };
		D678692D25F53B5900DBB59C /* BookDetailViewController.swift in Sources */ = {isa = PBXBuildFile; fileRef = D678692C25F53B5900DBB59C /* BookDetailViewController.swift */; };
		D678693625F5426400DBB59C /* ReviewTableViewCell.swift in Sources */ = {isa = PBXBuildFile; fileRef = D678693425F5426400DBB59C /* ReviewTableViewCell.swift */; };
		D678693725F5426400DBB59C /* ReviewTableViewCell.xib in Resources */ = {isa = PBXBuildFile; fileRef = D678693525F5426400DBB59C /* ReviewTableViewCell.xib */; };
		D67C657625E566C600F15290 /* Library.storyboard in Resources */ = {isa = PBXBuildFile; fileRef = D67C657525E566C600F15290 /* Library.storyboard */; };
		D67C657925E5715F00F15290 /* Community.storyboard in Resources */ = {isa = PBXBuildFile; fileRef = D67C657825E5715F00F15290 /* Community.storyboard */; };
		D67C657C25E5717300F15290 /* My.storyboard in Resources */ = {isa = PBXBuildFile; fileRef = D67C657B25E5717300F15290 /* My.storyboard */; };
		D67C657F25E571A100F15290 /* LibraryViewController.swift in Sources */ = {isa = PBXBuildFile; fileRef = D67C657E25E571A100F15290 /* LibraryViewController.swift */; };
		D67C658225E572DB00F15290 /* CommunityViewController.swift in Sources */ = {isa = PBXBuildFile; fileRef = D67C658125E572DB00F15290 /* CommunityViewController.swift */; };
		D67C658525E572FA00F15290 /* MyViewController.swift in Sources */ = {isa = PBXBuildFile; fileRef = D67C658425E572FA00F15290 /* MyViewController.swift */; };
		D67C658D25E5B08300F15290 /* MyNavViewController.swift in Sources */ = {isa = PBXBuildFile; fileRef = D67C658C25E5B08300F15290 /* MyNavViewController.swift */; };
		D67C659125E5BEA700F15290 /* CommunityNavViewController.swift in Sources */ = {isa = PBXBuildFile; fileRef = D67C659025E5BEA700F15290 /* CommunityNavViewController.swift */; };
		D67C659525E5BEB700F15290 /* LibraryNavViewController.swift in Sources */ = {isa = PBXBuildFile; fileRef = D67C659425E5BEB700F15290 /* LibraryNavViewController.swift */; };
		D6AC741225FF4EDE0072F2F5 /* CommentViewController.swift in Sources */ = {isa = PBXBuildFile; fileRef = D6AC741125FF4EDE0072F2F5 /* CommentViewController.swift */; };
		D6F153E625F9159C0044900E /* Book.swift in Sources */ = {isa = PBXBuildFile; fileRef = D6F153E525F9159C0044900E /* Book.swift */; };
		D6F153E925F9395B0044900E /* NetworkAPI.swift in Sources */ = {isa = PBXBuildFile; fileRef = D6F153E825F9395B0044900E /* NetworkAPI.swift */; };
		D6FDB2F925EBC2B600F129B3 /* LoginViewController.swift in Sources */ = {isa = PBXBuildFile; fileRef = D6FDB2F825EBC2B600F129B3 /* LoginViewController.swift */; };
		D6FF1B6C25F219F000A0B980 /* TimeViewController.swift in Sources */ = {isa = PBXBuildFile; fileRef = D6FF1B6B25F219F000A0B980 /* TimeViewController.swift */; };
		D6FF1B7125F2408700A0B980 /* SearchViewController.swift in Sources */ = {isa = PBXBuildFile; fileRef = D6FF1B7025F2408700A0B980 /* SearchViewController.swift */; };
/* End PBXBuildFile section */

/* Begin PBXFileReference section */
		0026126B25FB23BF000B40D1 /* ChallengeTableViewCell.swift */ = {isa = PBXFileReference; lastKnownFileType = sourcecode.swift; path = ChallengeTableViewCell.swift; sourceTree = "<group>"; };
		0026126C25FB23BF000B40D1 /* ChallengeTableViewCell.xib */ = {isa = PBXFileReference; lastKnownFileType = file.xib; path = ChallengeTableViewCell.xib; sourceTree = "<group>"; };
		0026127025FB244C000B40D1 /* DaillyReadingTableViewCell.swift */ = {isa = PBXFileReference; lastKnownFileType = sourcecode.swift; path = DaillyReadingTableViewCell.swift; sourceTree = "<group>"; };
		0026127125FB244C000B40D1 /* DaillyReadingTableViewCell.xib */ = {isa = PBXFileReference; lastKnownFileType = file.xib; path = DaillyReadingTableViewCell.xib; sourceTree = "<group>"; };
		0026127525FB24E7000B40D1 /* UIButton.swift */ = {isa = PBXFileReference; lastKnownFileType = sourcecode.swift; path = UIButton.swift; sourceTree = "<group>"; };
		0026127825FB2501000B40D1 /* CALayer.swift */ = {isa = PBXFileReference; lastKnownFileType = sourcecode.swift; path = CALayer.swift; sourceTree = "<group>"; };
		0026127B25FB2547000B40D1 /* DailyReadingWrittenViewController.swift */ = {isa = PBXFileReference; lastKnownFileType = sourcecode.swift; path = DailyReadingWrittenViewController.swift; sourceTree = "<group>"; };
		0026127E25FB2569000B40D1 /* DaillyDiaryWrittenCompletionViewController.swift */ = {isa = PBXFileReference; lastKnownFileType = sourcecode.swift; path = DaillyDiaryWrittenCompletionViewController.swift; sourceTree = "<group>"; };
		0026128125FB2585000B40D1 /* ChallengeCompletionViewController.swift */ = {isa = PBXFileReference; lastKnownFileType = sourcecode.swift; path = ChallengeCompletionViewController.swift; sourceTree = "<group>"; };
		0026128425FB25A3000B40D1 /* ReviewWrittenViewController.swift */ = {isa = PBXFileReference; lastKnownFileType = sourcecode.swift; path = ReviewWrittenViewController.swift; sourceTree = "<group>"; };
		0026128725FB25BE000B40D1 /* InputReadingStatusPopupViewController.swift */ = {isa = PBXFileReference; lastKnownFileType = sourcecode.swift; path = InputReadingStatusPopupViewController.swift; sourceTree = "<group>"; };
		005E154625FB7636003CD008 /* InputReadingPercentPopupViewController.swift */ = {isa = PBXFileReference; lastKnownFileType = sourcecode.swift; path = InputReadingPercentPopupViewController.swift; sourceTree = "<group>"; };
		00838FC525F3607A00340AE0 /* Colors.swift */ = {isa = PBXFileReference; lastKnownFileType = sourcecode.swift; path = Colors.swift; sourceTree = "<group>"; };
		00838FCD25F362DD00340AE0 /* TimerViewController.swift */ = {isa = PBXFileReference; lastKnownFileType = sourcecode.swift; path = TimerViewController.swift; sourceTree = "<group>"; };
		00838FD025F3640500340AE0 /* TimerStopViewController.swift */ = {isa = PBXFileReference; lastKnownFileType = sourcecode.swift; path = TimerStopViewController.swift; sourceTree = "<group>"; };
		00838FDB25F3659700340AE0 /* DaillyReadingWritenViewController.swift */ = {isa = PBXFileReference; lastKnownFileType = sourcecode.swift; path = DaillyReadingWritenViewController.swift; sourceTree = "<group>"; };
		00838FE525F4EEE600340AE0 /* UIView.swift */ = {isa = PBXFileReference; lastKnownFileType = sourcecode.swift; path = UIView.swift; sourceTree = "<group>"; };
		00838FE825F4FD5B00340AE0 /* UIViewController.swift */ = {isa = PBXFileReference; lastKnownFileType = sourcecode.swift; path = UIViewController.swift; sourceTree = "<group>"; };
		00838FF025F5017200340AE0 /* IndicatorView.swift */ = {isa = PBXFileReference; lastKnownFileType = sourcecode.swift; path = IndicatorView.swift; sourceTree = "<group>"; };
		00BCFD2F25FB006400E1E2E7 /* NSMutableAttributedString.swift */ = {isa = PBXFileReference; lastKnownFileType = sourcecode.swift; path = NSMutableAttributedString.swift; sourceTree = "<group>"; };
		00C3418625FD1873009B2A34 /* Firecracker.sks */ = {isa = PBXFileReference; lastKnownFileType = file.sks; path = Firecracker.sks; sourceTree = "<group>"; };
		00C3418725FD1873009B2A34 /* Assets.xcassets */ = {isa = PBXFileReference; lastKnownFileType = folder.assetcatalog; path = Assets.xcassets; sourceTree = "<group>"; };
		00D8632225FF3E2200E9EFF9 /* ReadingBookCollectionViewCell.swift */ = {isa = PBXFileReference; lastKnownFileType = sourcecode.swift; path = ReadingBookCollectionViewCell.swift; sourceTree = "<group>"; };
		00D8632325FF3E2200E9EFF9 /* ReadingBookCollectionViewCell.xib */ = {isa = PBXFileReference; lastKnownFileType = file.xib; path = ReadingBookCollectionViewCell.xib; sourceTree = "<group>"; };
		00D8632A25FF77D200E9EFF9 /* Stopwatch.swift */ = {isa = PBXFileReference; lastKnownFileType = sourcecode.swift; path = Stopwatch.swift; sourceTree = "<group>"; };
		00D8632E25FF867F00E9EFF9 /* Constants.swift */ = {isa = PBXFileReference; lastKnownFileType = sourcecode.swift; path = Constants.swift; sourceTree = "<group>"; };
		049711AD81EEFAB3F8E9AE75 /* Pods-ReadingPiece.release.xcconfig */ = {isa = PBXFileReference; includeInIndex = 1; lastKnownFileType = text.xcconfig; name = "Pods-ReadingPiece.release.xcconfig"; path = "Target Support Files/Pods-ReadingPiece/Pods-ReadingPiece.release.xcconfig"; sourceTree = "<group>"; };
		5913B22E25EF2E0C002AAA8C /* GmarketSansMedium.otf */ = {isa = PBXFileReference; lastKnownFileType = file; path = GmarketSansMedium.otf; sourceTree = "<group>"; };
		5913B23125EF2E47002AAA8C /* NotoSansCJKkr-Regular.otf */ = {isa = PBXFileReference; lastKnownFileType = file; path = "NotoSansCJKkr-Regular.otf"; sourceTree = "<group>"; };
		5913B23225EF2E49002AAA8C /* NotoSansCJKkr-Bold.otf */ = {isa = PBXFileReference; lastKnownFileType = file; path = "NotoSansCJKkr-Bold.otf"; sourceTree = "<group>"; };
		5913B23325EF2E49002AAA8C /* NotoSansCJKkr-Light.otf */ = {isa = PBXFileReference; lastKnownFileType = file; path = "NotoSansCJKkr-Light.otf"; sourceTree = "<group>"; };
		5913B23425EF2E4A002AAA8C /* NotoSansCJKkr-DemiLight.otf */ = {isa = PBXFileReference; lastKnownFileType = file; path = "NotoSansCJKkr-DemiLight.otf"; sourceTree = "<group>"; };
		5913B23525EF2E4B002AAA8C /* NotoSansCJKkr-Thin.otf */ = {isa = PBXFileReference; lastKnownFileType = file; path = "NotoSansCJKkr-Thin.otf"; sourceTree = "<group>"; };
		5913B23625EF2E4C002AAA8C /* NotoSansCJKkr-Black.otf */ = {isa = PBXFileReference; lastKnownFileType = file; path = "NotoSansCJKkr-Black.otf"; sourceTree = "<group>"; };
		5913B23725EF2E4D002AAA8C /* NotoSansCJKkr-Medium.otf */ = {isa = PBXFileReference; lastKnownFileType = file; path = "NotoSansCJKkr-Medium.otf"; sourceTree = "<group>"; };
		599D3A9725F08A690085F134 /* MenuCell.swift */ = {isa = PBXFileReference; lastKnownFileType = sourcecode.swift; path = MenuCell.swift; sourceTree = "<group>"; };
		599D3A9A25F08A9F0085F134 /* MenuCell.xib */ = {isa = PBXFileReference; lastKnownFileType = file.xib; path = MenuCell.xib; sourceTree = "<group>"; };
		599D3A9E25F08BFF0085F134 /* FocusView.xib */ = {isa = PBXFileReference; lastKnownFileType = file.xib; path = FocusView.xib; sourceTree = "<group>"; };
		599D3AA325F0909B0085F134 /* ReviewViewController.swift */ = {isa = PBXFileReference; lastKnownFileType = sourcecode.swift; path = ReviewViewController.swift; sourceTree = "<group>"; };
		599D3AA625F090B40085F134 /* JournalViewController.swift */ = {isa = PBXFileReference; lastKnownFileType = sourcecode.swift; path = JournalViewController.swift; sourceTree = "<group>"; };
		599D3AB425F11AB30085F134 /* ReviewCell.swift */ = {isa = PBXFileReference; lastKnownFileType = sourcecode.swift; path = ReviewCell.swift; sourceTree = "<group>"; };
		599D3AB525F11AB30085F134 /* ReviewCell.xib */ = {isa = PBXFileReference; lastKnownFileType = file.xib; path = ReviewCell.xib; sourceTree = "<group>"; };
		599D3ABF25F1E32B0085F134 /* ReviewHeaderCell.swift */ = {isa = PBXFileReference; lastKnownFileType = sourcecode.swift; path = ReviewHeaderCell.swift; sourceTree = "<group>"; };
		599D3AC025F1E32B0085F134 /* ReviewHeaderCell.xib */ = {isa = PBXFileReference; lastKnownFileType = file.xib; path = ReviewHeaderCell.xib; sourceTree = "<group>"; };
		599D3AC425F236510085F134 /* JournalCell.swift */ = {isa = PBXFileReference; lastKnownFileType = sourcecode.swift; path = JournalCell.swift; sourceTree = "<group>"; };
		599D3AC525F236510085F134 /* JournalCell.xib */ = {isa = PBXFileReference; lastKnownFileType = file.xib; path = JournalCell.xib; sourceTree = "<group>"; };
		599D3AC925F240A60085F134 /* JournalHeaderCell.swift */ = {isa = PBXFileReference; lastKnownFileType = sourcecode.swift; path = JournalHeaderCell.swift; sourceTree = "<group>"; };
		599D3ACA25F240A60085F134 /* JournalHeaderCell.xib */ = {isa = PBXFileReference; lastKnownFileType = file.xib; path = JournalHeaderCell.xib; sourceTree = "<group>"; };
		599D3ACE25F26EC00085F134 /* FullReviewCell.swift */ = {isa = PBXFileReference; lastKnownFileType = sourcecode.swift; path = FullReviewCell.swift; sourceTree = "<group>"; };
		599D3ACF25F26EC00085F134 /* FullReviewCell.xib */ = {isa = PBXFileReference; lastKnownFileType = file.xib; path = FullReviewCell.xib; sourceTree = "<group>"; };
		59F4F22025F5C05000E82417 /* UIFont.swift */ = {isa = PBXFileReference; fileEncoding = 4; lastKnownFileType = sourcecode.swift; name = UIFont.swift; path = ReadingPiece/Extensions/UIFont.swift; sourceTree = "<group>"; };
		59F4F22325F5C09500E82417 /* UIFont.swift */ = {isa = PBXFileReference; fileEncoding = 4; lastKnownFileType = sourcecode.swift; path = UIFont.swift; sourceTree = "<group>"; };
		59F4F22B25F5C0AB00E82417 /* Review.swift */ = {isa = PBXFileReference; fileEncoding = 4; lastKnownFileType = sourcecode.swift; path = Review.swift; sourceTree = "<group>"; };
		59F4F22E25F5C0B400E82417 /* Review.swift */ = {isa = PBXFileReference; fileEncoding = 4; lastKnownFileType = sourcecode.swift; name = Review.swift; path = ReadingPiece/Model/Library/Review.swift; sourceTree = "<group>"; };
		59F4F26825F657A600E82417 /* ReviewDropDownCell.swift */ = {isa = PBXFileReference; lastKnownFileType = sourcecode.swift; path = ReviewDropDownCell.swift; sourceTree = "<group>"; };
		59F4F26925F657A600E82417 /* ReviewDropDownCell.xib */ = {isa = PBXFileReference; lastKnownFileType = file.xib; path = ReviewDropDownCell.xib; sourceTree = "<group>"; };
		59F4F26E25F76CF500E82417 /* Journal.swift */ = {isa = PBXFileReference; lastKnownFileType = sourcecode.swift; path = Journal.swift; sourceTree = "<group>"; };
		59F4F27125F7858700E82417 /* FullJournalCell.swift */ = {isa = PBXFileReference; lastKnownFileType = sourcecode.swift; path = FullJournalCell.swift; sourceTree = "<group>"; };
		59F4F27225F7858700E82417 /* FullJournalCell.xib */ = {isa = PBXFileReference; lastKnownFileType = file.xib; path = FullJournalCell.xib; sourceTree = "<group>"; };
		59F4F2BD25F902B200E82417 /* CreateReviewViewController.swift */ = {isa = PBXFileReference; lastKnownFileType = sourcecode.swift; path = CreateReviewViewController.swift; sourceTree = "<group>"; };
		59F4F2BE25F902B200E82417 /* CreateReviewViewController.xib */ = {isa = PBXFileReference; lastKnownFileType = file.xib; path = CreateReviewViewController.xib; sourceTree = "<group>"; };
		59F4F2ED25F9A5FA00E82417 /* NotoSans-SemiBold.ttf */ = {isa = PBXFileReference; lastKnownFileType = file; path = "NotoSans-SemiBold.ttf"; sourceTree = "<group>"; };
		59F4F2F325F9B9A300E82417 /* ReviewBookInfoCell.swift */ = {isa = PBXFileReference; lastKnownFileType = sourcecode.swift; path = ReviewBookInfoCell.swift; sourceTree = "<group>"; };
		59F4F2F425F9B9A300E82417 /* ReviewBookInfoCell.xib */ = {isa = PBXFileReference; lastKnownFileType = file.xib; path = ReviewBookInfoCell.xib; sourceTree = "<group>"; };
		59F4F2F825F9BD8600E82417 /* ReviewRatingCell.swift */ = {isa = PBXFileReference; lastKnownFileType = sourcecode.swift; path = ReviewRatingCell.swift; sourceTree = "<group>"; };
		59F4F2F925F9BD8600E82417 /* ReviewRatingCell.xib */ = {isa = PBXFileReference; lastKnownFileType = file.xib; path = ReviewRatingCell.xib; sourceTree = "<group>"; };
		59F4F2FD25F9C38200E82417 /* ReviewWritingCell.swift */ = {isa = PBXFileReference; lastKnownFileType = sourcecode.swift; path = ReviewWritingCell.swift; sourceTree = "<group>"; };
		59F4F2FE25F9C38200E82417 /* ReviewWritingCell.xib */ = {isa = PBXFileReference; lastKnownFileType = file.xib; path = ReviewWritingCell.xib; sourceTree = "<group>"; };
		59F4F32725F9F0B200E82417 /* SearchBookViewController.swift */ = {isa = PBXFileReference; lastKnownFileType = sourcecode.swift; path = SearchBookViewController.swift; sourceTree = "<group>"; };
		B14B5E8417CEC3FBF46E4B54 /* Pods-ReadingPiece.debug.xcconfig */ = {isa = PBXFileReference; includeInIndex = 1; lastKnownFileType = text.xcconfig; name = "Pods-ReadingPiece.debug.xcconfig"; path = "Target Support Files/Pods-ReadingPiece/Pods-ReadingPiece.debug.xcconfig"; sourceTree = "<group>"; };
		D60B364925EE300D000E949D /* TermViewController.swift */ = {isa = PBXFileReference; lastKnownFileType = sourcecode.swift; path = TermViewController.swift; sourceTree = "<group>"; };
		D6288D2425E2B5DB00D73A61 /* ReadingPiece.app */ = {isa = PBXFileReference; explicitFileType = wrapper.application; includeInIndex = 0; path = ReadingPiece.app; sourceTree = BUILT_PRODUCTS_DIR; };
		D6288D2725E2B5DB00D73A61 /* AppDelegate.swift */ = {isa = PBXFileReference; lastKnownFileType = sourcecode.swift; path = AppDelegate.swift; sourceTree = "<group>"; };
		D6288D2925E2B5DB00D73A61 /* SceneDelegate.swift */ = {isa = PBXFileReference; lastKnownFileType = sourcecode.swift; path = SceneDelegate.swift; sourceTree = "<group>"; };
		D6288D2B25E2B5DB00D73A61 /* ViewController.swift */ = {isa = PBXFileReference; lastKnownFileType = sourcecode.swift; path = ViewController.swift; sourceTree = "<group>"; };
		D6288D2E25E2B5DB00D73A61 /* Base */ = {isa = PBXFileReference; lastKnownFileType = file.storyboard; name = Base; path = Base.lproj/Main.storyboard; sourceTree = "<group>"; };
		D6288D3025E2B5DD00D73A61 /* Assets.xcassets */ = {isa = PBXFileReference; lastKnownFileType = folder.assetcatalog; path = Assets.xcassets; sourceTree = "<group>"; };
		D6288D3325E2B5DD00D73A61 /* Base */ = {isa = PBXFileReference; lastKnownFileType = file.storyboard; name = Base; path = Base.lproj/LaunchScreen.storyboard; sourceTree = "<group>"; };
		D6288D3525E2B5DD00D73A61 /* Info.plist */ = {isa = PBXFileReference; lastKnownFileType = text.plist.xml; path = Info.plist; sourceTree = "<group>"; };
		D649DDAA25E67A9E00C6CD5B /* Goal.storyboard */ = {isa = PBXFileReference; lastKnownFileType = file.storyboard; path = Goal.storyboard; sourceTree = "<group>"; };
		D649DDAD25E67BD500C6CD5B /* GoalNavViewController.swift */ = {isa = PBXFileReference; lastKnownFileType = sourcecode.swift; path = GoalNavViewController.swift; sourceTree = "<group>"; };
		D649DDB125E6D05F00C6CD5B /* BookSearchNavViewController.swift */ = {isa = PBXFileReference; lastKnownFileType = sourcecode.swift; path = BookSearchNavViewController.swift; sourceTree = "<group>"; };
		D6509DE625EAC87F000D7160 /* Login.storyboard */ = {isa = PBXFileReference; lastKnownFileType = file.storyboard; path = Login.storyboard; sourceTree = "<group>"; };
		D65C7BFA25F6761700944094 /* BookReviewViewController.swift */ = {isa = PBXFileReference; lastKnownFileType = sourcecode.swift; path = BookReviewViewController.swift; sourceTree = "<group>"; };
		D678692C25F53B5900DBB59C /* BookDetailViewController.swift */ = {isa = PBXFileReference; lastKnownFileType = sourcecode.swift; path = BookDetailViewController.swift; sourceTree = "<group>"; };
		D678693425F5426400DBB59C /* ReviewTableViewCell.swift */ = {isa = PBXFileReference; lastKnownFileType = sourcecode.swift; path = ReviewTableViewCell.swift; sourceTree = "<group>"; };
		D678693525F5426400DBB59C /* ReviewTableViewCell.xib */ = {isa = PBXFileReference; lastKnownFileType = file.xib; path = ReviewTableViewCell.xib; sourceTree = "<group>"; };
		D67C657525E566C600F15290 /* Library.storyboard */ = {isa = PBXFileReference; lastKnownFileType = file.storyboard; path = Library.storyboard; sourceTree = "<group>"; };
		D67C657825E5715F00F15290 /* Community.storyboard */ = {isa = PBXFileReference; lastKnownFileType = file.storyboard; path = Community.storyboard; sourceTree = "<group>"; };
		D67C657B25E5717300F15290 /* My.storyboard */ = {isa = PBXFileReference; lastKnownFileType = file.storyboard; path = My.storyboard; sourceTree = "<group>"; };
		D67C657E25E571A100F15290 /* LibraryViewController.swift */ = {isa = PBXFileReference; lastKnownFileType = sourcecode.swift; path = LibraryViewController.swift; sourceTree = "<group>"; };
		D67C658125E572DB00F15290 /* CommunityViewController.swift */ = {isa = PBXFileReference; lastKnownFileType = sourcecode.swift; path = CommunityViewController.swift; sourceTree = "<group>"; };
		D67C658425E572FA00F15290 /* MyViewController.swift */ = {isa = PBXFileReference; lastKnownFileType = sourcecode.swift; path = MyViewController.swift; sourceTree = "<group>"; };
		D67C658C25E5B08300F15290 /* MyNavViewController.swift */ = {isa = PBXFileReference; lastKnownFileType = sourcecode.swift; path = MyNavViewController.swift; sourceTree = "<group>"; };
		D67C659025E5BEA700F15290 /* CommunityNavViewController.swift */ = {isa = PBXFileReference; lastKnownFileType = sourcecode.swift; path = CommunityNavViewController.swift; sourceTree = "<group>"; };
		D67C659425E5BEB700F15290 /* LibraryNavViewController.swift */ = {isa = PBXFileReference; lastKnownFileType = sourcecode.swift; path = LibraryNavViewController.swift; sourceTree = "<group>"; };
		D6AC741125FF4EDE0072F2F5 /* CommentViewController.swift */ = {isa = PBXFileReference; lastKnownFileType = sourcecode.swift; path = CommentViewController.swift; sourceTree = "<group>"; };
		D6F153E525F9159C0044900E /* Book.swift */ = {isa = PBXFileReference; lastKnownFileType = sourcecode.swift; path = Book.swift; sourceTree = "<group>"; };
		D6F153E825F9395B0044900E /* NetworkAPI.swift */ = {isa = PBXFileReference; lastKnownFileType = sourcecode.swift; path = NetworkAPI.swift; sourceTree = "<group>"; };
		D6FDB2F825EBC2B600F129B3 /* LoginViewController.swift */ = {isa = PBXFileReference; lastKnownFileType = sourcecode.swift; path = LoginViewController.swift; sourceTree = "<group>"; };
		D6FF1B6B25F219F000A0B980 /* TimeViewController.swift */ = {isa = PBXFileReference; lastKnownFileType = sourcecode.swift; path = TimeViewController.swift; sourceTree = "<group>"; };
		D6FF1B7025F2408700A0B980 /* SearchViewController.swift */ = {isa = PBXFileReference; lastKnownFileType = sourcecode.swift; path = SearchViewController.swift; sourceTree = "<group>"; };
		E33DB0BA56DAAD9787144444 /* Pods_ReadingPiece.framework */ = {isa = PBXFileReference; explicitFileType = wrapper.framework; includeInIndex = 0; path = Pods_ReadingPiece.framework; sourceTree = BUILT_PRODUCTS_DIR; };
/* End PBXFileReference section */

/* Begin PBXFrameworksBuildPhase section */
		D6288D2125E2B5DB00D73A61 /* Frameworks */ = {
			isa = PBXFrameworksBuildPhase;
			buildActionMask = 2147483647;
			files = (
				8BADC36FB9E62C9C754143FE /* Pods_ReadingPiece.framework in Frameworks */,
			);
			runOnlyForDeploymentPostprocessing = 0;
		};
/* End PBXFrameworksBuildPhase section */

/* Begin PBXGroup section */
		00838FC425F3607100340AE0 /* Extensions */ = {
			isa = PBXGroup;
			children = (
				00838FC525F3607A00340AE0 /* Colors.swift */,
				00838FE525F4EEE600340AE0 /* UIView.swift */,
				00838FE825F4FD5B00340AE0 /* UIViewController.swift */,
				59F4F22325F5C09500E82417 /* UIFont.swift */,
				00838FF025F5017200340AE0 /* IndicatorView.swift */,
				00BCFD2F25FB006400E1E2E7 /* NSMutableAttributedString.swift */,
				0026127525FB24E7000B40D1 /* UIButton.swift */,
				0026127825FB2501000B40D1 /* CALayer.swift */,
			);
			path = Extensions;
			sourceTree = "<group>";
		};
		00838FCC25F362CD00340AE0 /* Challenge */ = {
			isa = PBXGroup;
			children = (
				0026128125FB2585000B40D1 /* ChallengeCompletionViewController.swift */,
				0026128425FB25A3000B40D1 /* ReviewWrittenViewController.swift */,
				00D8633625FF8ADD00E9EFF9 /* DaillyReading */,
				00D8633525FF8AB300E9EFF9 /* Timer */,
			);
			path = Challenge;
			sourceTree = "<group>";
		};
		00838FD325F3645200340AE0 /* Challenge */ = {
			isa = PBXGroup;
			children = (
				00C3418625FD1873009B2A34 /* Firecracker.sks */,
				00C3418725FD1873009B2A34 /* Assets.xcassets */,
				00C3419825FF2CBB009B2A34 /* Cell */,
			);
			path = Challenge;
			sourceTree = "<group>";
		};
		00C3419825FF2CBB009B2A34 /* Cell */ = {
			isa = PBXGroup;
			children = (
				0026126B25FB23BF000B40D1 /* ChallengeTableViewCell.swift */,
				0026126C25FB23BF000B40D1 /* ChallengeTableViewCell.xib */,
				0026127025FB244C000B40D1 /* DaillyReadingTableViewCell.swift */,
				0026127125FB244C000B40D1 /* DaillyReadingTableViewCell.xib */,
				00D8632225FF3E2200E9EFF9 /* ReadingBookCollectionViewCell.swift */,
				00D8632325FF3E2200E9EFF9 /* ReadingBookCollectionViewCell.xib */,
			);
			path = Cell;
			sourceTree = "<group>";
		};
		00D8632925FF77C600E9EFF9 /* Challenge */ = {
			isa = PBXGroup;
			children = (
				00D8632A25FF77D200E9EFF9 /* Stopwatch.swift */,
			);
			path = Challenge;
			sourceTree = "<group>";
		};
		00D8633525FF8AB300E9EFF9 /* Timer */ = {
			isa = PBXGroup;
			children = (
				00838FCD25F362DD00340AE0 /* TimerViewController.swift */,
				00838FD025F3640500340AE0 /* TimerStopViewController.swift */,
			);
			path = Timer;
			sourceTree = "<group>";
		};
		00D8633625FF8ADD00E9EFF9 /* DaillyReading */ = {
			isa = PBXGroup;
			children = (
				0026128725FB25BE000B40D1 /* InputReadingStatusPopupViewController.swift */,
				005E154625FB7636003CD008 /* InputReadingPercentPopupViewController.swift */,
				00838FDB25F3659700340AE0 /* DaillyReadingWritenViewController.swift */,
				0026127B25FB2547000B40D1 /* DailyReadingWrittenViewController.swift */,
				0026127E25FB2569000B40D1 /* DaillyDiaryWrittenCompletionViewController.swift */,
			);
			path = DaillyReading;
			sourceTree = "<group>";
		};
		599D3AA125F0907D0085F134 /* Review */ = {
			isa = PBXGroup;
			children = (
				599D3AD325F26EC90085F134 /* ReviewCells */,
				599D3AA325F0909B0085F134 /* ReviewViewController.swift */,
				59F4F2C225F9031700E82417 /* CreateReview */,
			);
			path = Review;
			sourceTree = "<group>";
		};
		599D3AA225F090870085F134 /* Journal */ = {
			isa = PBXGroup;
			children = (
				599D3AD925F37A770085F134 /* JournalCells */,
				599D3AA625F090B40085F134 /* JournalViewController.swift */,
			);
			path = Journal;
			sourceTree = "<group>";
		};
		599D3AD325F26EC90085F134 /* ReviewCells */ = {
			isa = PBXGroup;
			children = (
				599D3AB425F11AB30085F134 /* ReviewCell.swift */,
				599D3AB525F11AB30085F134 /* ReviewCell.xib */,
				599D3ACE25F26EC00085F134 /* FullReviewCell.swift */,
				599D3ACF25F26EC00085F134 /* FullReviewCell.xib */,
				599D3ABF25F1E32B0085F134 /* ReviewHeaderCell.swift */,
				599D3AC025F1E32B0085F134 /* ReviewHeaderCell.xib */,
				59F4F26825F657A600E82417 /* ReviewDropDownCell.swift */,
				59F4F26925F657A600E82417 /* ReviewDropDownCell.xib */,
			);
			path = ReviewCells;
			sourceTree = "<group>";
		};
		599D3AD925F37A770085F134 /* JournalCells */ = {
			isa = PBXGroup;
			children = (
				599D3AC425F236510085F134 /* JournalCell.swift */,
				599D3AC525F236510085F134 /* JournalCell.xib */,
				59F4F27125F7858700E82417 /* FullJournalCell.swift */,
				59F4F27225F7858700E82417 /* FullJournalCell.xib */,
				599D3AC925F240A60085F134 /* JournalHeaderCell.swift */,
				599D3ACA25F240A60085F134 /* JournalHeaderCell.xib */,
			);
			path = JournalCells;
			sourceTree = "<group>";
		};
		59F4F21E25F5BE4E00E82417 /* Recovered References */ = {
			isa = PBXGroup;
			children = (
				59F4F22025F5C05000E82417 /* UIFont.swift */,
				59F4F22E25F5C0B400E82417 /* Review.swift */,
			);
			name = "Recovered References";
			sourceTree = "<group>";
		};
		59F4F22A25F5C0AB00E82417 /* Library */ = {
			isa = PBXGroup;
			children = (
				59F4F22B25F5C0AB00E82417 /* Review.swift */,
				59F4F26E25F76CF500E82417 /* Journal.swift */,
			);
			path = Library;
			sourceTree = "<group>";
		};
		59F4F2C225F9031700E82417 /* CreateReview */ = {
			isa = PBXGroup;
			children = (
				59F4F2F225F9B86600E82417 /* CreateReviewCells */,
				59F4F2BD25F902B200E82417 /* CreateReviewViewController.swift */,
				59F4F2BE25F902B200E82417 /* CreateReviewViewController.xib */,
			);
			path = CreateReview;
			sourceTree = "<group>";
		};
		59F4F2F225F9B86600E82417 /* CreateReviewCells */ = {
			isa = PBXGroup;
			children = (
				59F4F2F325F9B9A300E82417 /* ReviewBookInfoCell.swift */,
				59F4F2F425F9B9A300E82417 /* ReviewBookInfoCell.xib */,
				59F4F2F825F9BD8600E82417 /* ReviewRatingCell.swift */,
				59F4F2F925F9BD8600E82417 /* ReviewRatingCell.xib */,
				59F4F2FD25F9C38200E82417 /* ReviewWritingCell.swift */,
				59F4F2FE25F9C38200E82417 /* ReviewWritingCell.xib */,
			);
			path = CreateReviewCells;
			sourceTree = "<group>";
		};
		7D25273E0465C2D67DFF944A /* Pods */ = {
			isa = PBXGroup;
			children = (
				B14B5E8417CEC3FBF46E4B54 /* Pods-ReadingPiece.debug.xcconfig */,
				049711AD81EEFAB3F8E9AE75 /* Pods-ReadingPiece.release.xcconfig */,
			);
			path = Pods;
			sourceTree = "<group>";
		};
		D60B363F25EE2E3B000E949D /* Goal */ = {
			isa = PBXGroup;
			children = (
				D60B364925EE300D000E949D /* TermViewController.swift */,
				D6FF1B6B25F219F000A0B980 /* TimeViewController.swift */,
				59F4F32725F9F0B200E82417 /* SearchBookViewController.swift */,
				D6FF1B7025F2408700A0B980 /* SearchViewController.swift */,
				D678692C25F53B5900DBB59C /* BookDetailViewController.swift */,
				D65C7BFA25F6761700944094 /* BookReviewViewController.swift */,
				D6F153E825F9395B0044900E /* NetworkAPI.swift */,
				D6AC741125FF4EDE0072F2F5 /* CommentViewController.swift */,
			);
			path = Goal;
			sourceTree = "<group>";
		};
		D60B364025EE2E45000E949D /* My */ = {
			isa = PBXGroup;
			children = (
			);
			path = My;
			sourceTree = "<group>";
		};
		D60B364225EE2E5A000E949D /* Library */ = {
			isa = PBXGroup;
			children = (
				599D3AA125F0907D0085F134 /* Review */,
				599D3AA225F090870085F134 /* Journal */,
				D67C657E25E571A100F15290 /* LibraryViewController.swift */,
				599D3A9725F08A690085F134 /* MenuCell.swift */,
				599D3A9A25F08A9F0085F134 /* MenuCell.xib */,
				599D3A9E25F08BFF0085F134 /* FocusView.xib */,
			);
			path = Library;
			sourceTree = "<group>";
		};
		D6288D1B25E2B5DB00D73A61 = {
			isa = PBXGroup;
			children = (
				D6288D2625E2B5DB00D73A61 /* ReadingPiece */,
				D6288D2525E2B5DB00D73A61 /* Products */,
				7D25273E0465C2D67DFF944A /* Pods */,
				D6F89EF020BB50CB3EB3254B /* Frameworks */,
				59F4F21E25F5BE4E00E82417 /* Recovered References */,
			);
			sourceTree = "<group>";
		};
		D6288D2525E2B5DB00D73A61 /* Products */ = {
			isa = PBXGroup;
			children = (
				D6288D2425E2B5DB00D73A61 /* ReadingPiece.app */,
			);
			name = Products;
			sourceTree = "<group>";
		};
		D6288D2625E2B5DB00D73A61 /* ReadingPiece */ = {
			isa = PBXGroup;
			children = (
				00D8632E25FF867F00E9EFF9 /* Constants.swift */,
				00838FC425F3607100340AE0 /* Extensions */,
				D67C655F25E4EFB200F15290 /* font */,
				D6A255FA25E4256000731B10 /* Controller */,
				D6A255F925E4255000731B10 /* View */,
				D6A255F825E4254A00731B10 /* Model */,
				D6288D2725E2B5DB00D73A61 /* AppDelegate.swift */,
				D6288D2925E2B5DB00D73A61 /* SceneDelegate.swift */,
				D6288D3025E2B5DD00D73A61 /* Assets.xcassets */,
				D6288D3225E2B5DD00D73A61 /* LaunchScreen.storyboard */,
				D6288D3525E2B5DD00D73A61 /* Info.plist */,
			);
			path = ReadingPiece;
			sourceTree = "<group>";
		};
		D678693225F541B200DBB59C /* Goal */ = {
			isa = PBXGroup;
			children = (
				D649DDAA25E67A9E00C6CD5B /* Goal.storyboard */,
				D678693425F5426400DBB59C /* ReviewTableViewCell.swift */,
				D678693525F5426400DBB59C /* ReviewTableViewCell.xib */,
			);
			path = Goal;
			sourceTree = "<group>";
		};
		D67C655F25E4EFB200F15290 /* font */ = {
			isa = PBXGroup;
			children = (
				59F4F2ED25F9A5FA00E82417 /* NotoSans-SemiBold.ttf */,
				5913B22E25EF2E0C002AAA8C /* GmarketSansMedium.otf */,
				5913B23625EF2E4C002AAA8C /* NotoSansCJKkr-Black.otf */,
				5913B23225EF2E49002AAA8C /* NotoSansCJKkr-Bold.otf */,
				5913B23425EF2E4A002AAA8C /* NotoSansCJKkr-DemiLight.otf */,
				5913B23325EF2E49002AAA8C /* NotoSansCJKkr-Light.otf */,
				5913B23725EF2E4D002AAA8C /* NotoSansCJKkr-Medium.otf */,
				5913B23125EF2E47002AAA8C /* NotoSansCJKkr-Regular.otf */,
				5913B23525EF2E4B002AAA8C /* NotoSansCJKkr-Thin.otf */,
			);
			path = font;
			sourceTree = "<group>";
		};
		D67C658F25E5BE8600F15290 /* Navigation */ = {
			isa = PBXGroup;
			children = (
				D67C658C25E5B08300F15290 /* MyNavViewController.swift */,
				D67C659025E5BEA700F15290 /* CommunityNavViewController.swift */,
				D67C659425E5BEB700F15290 /* LibraryNavViewController.swift */,
				D649DDAD25E67BD500C6CD5B /* GoalNavViewController.swift */,
				D649DDB125E6D05F00C6CD5B /* BookSearchNavViewController.swift */,
			);
			path = Navigation;
			sourceTree = "<group>";
		};
		D6A255F825E4254A00731B10 /* Model */ = {
			isa = PBXGroup;
			children = (
				00D8632925FF77C600E9EFF9 /* Challenge */,
				D6F153E425F9158C0044900E /* Goal */,
				59F4F22A25F5C0AB00E82417 /* Library */,
			);
			path = Model;
			sourceTree = "<group>";
		};
		D6A255F925E4255000731B10 /* View */ = {
			isa = PBXGroup;
			children = (
				00838FD325F3645200340AE0 /* Challenge */,
				D678693225F541B200DBB59C /* Goal */,
				D6288D2D25E2B5DB00D73A61 /* Main.storyboard */,
				D67C657525E566C600F15290 /* Library.storyboard */,
				D67C657825E5715F00F15290 /* Community.storyboard */,
				D67C657B25E5717300F15290 /* My.storyboard */,
				D6509DE625EAC87F000D7160 /* Login.storyboard */,
			);
			path = View;
			sourceTree = "<group>";
		};
		D6A255FA25E4256000731B10 /* Controller */ = {
			isa = PBXGroup;
			children = (
				00838FCC25F362CD00340AE0 /* Challenge */,
				D60B364225EE2E5A000E949D /* Library */,
				D60B364025EE2E45000E949D /* My */,
				D60B363F25EE2E3B000E949D /* Goal */,
				D67C658F25E5BE8600F15290 /* Navigation */,
				D6288D2B25E2B5DB00D73A61 /* ViewController.swift */,
				D67C658125E572DB00F15290 /* CommunityViewController.swift */,
				D67C658425E572FA00F15290 /* MyViewController.swift */,
				D6FDB2F825EBC2B600F129B3 /* LoginViewController.swift */,
			);
			path = Controller;
			sourceTree = "<group>";
		};
		D6F153E425F9158C0044900E /* Goal */ = {
			isa = PBXGroup;
			children = (
				D6F153E525F9159C0044900E /* Book.swift */,
			);
			path = Goal;
			sourceTree = "<group>";
		};
		D6F89EF020BB50CB3EB3254B /* Frameworks */ = {
			isa = PBXGroup;
			children = (
				E33DB0BA56DAAD9787144444 /* Pods_ReadingPiece.framework */,
			);
			name = Frameworks;
			sourceTree = "<group>";
		};
/* End PBXGroup section */

/* Begin PBXNativeTarget section */
		D6288D2325E2B5DB00D73A61 /* ReadingPiece */ = {
			isa = PBXNativeTarget;
			buildConfigurationList = D6288D3825E2B5DD00D73A61 /* Build configuration list for PBXNativeTarget "ReadingPiece" */;
			buildPhases = (
				1214D7A9F0249ED758F14390 /* [CP] Check Pods Manifest.lock */,
				D6288D2025E2B5DB00D73A61 /* Sources */,
				D6288D2125E2B5DB00D73A61 /* Frameworks */,
				D6288D2225E2B5DB00D73A61 /* Resources */,
				FE92420FCFFAA71B7D177355 /* [CP] Embed Pods Frameworks */,
			);
			buildRules = (
			);
			dependencies = (
			);
			name = ReadingPiece;
			productName = ReadingPiece;
			productReference = D6288D2425E2B5DB00D73A61 /* ReadingPiece.app */;
			productType = "com.apple.product-type.application";
		};
/* End PBXNativeTarget section */

/* Begin PBXProject section */
		D6288D1C25E2B5DB00D73A61 /* Project object */ = {
			isa = PBXProject;
			attributes = {
				LastSwiftUpdateCheck = 1240;
				LastUpgradeCheck = 1240;
				TargetAttributes = {
					D6288D2325E2B5DB00D73A61 = {
						CreatedOnToolsVersion = 12.4;
					};
				};
			};
			buildConfigurationList = D6288D1F25E2B5DB00D73A61 /* Build configuration list for PBXProject "ReadingPiece" */;
			compatibilityVersion = "Xcode 9.3";
			developmentRegion = en;
			hasScannedForEncodings = 0;
			knownRegions = (
				en,
				Base,
			);
			mainGroup = D6288D1B25E2B5DB00D73A61;
			productRefGroup = D6288D2525E2B5DB00D73A61 /* Products */;
			projectDirPath = "";
			projectRoot = "";
			targets = (
				D6288D2325E2B5DB00D73A61 /* ReadingPiece */,
			);
		};
/* End PBXProject section */

/* Begin PBXResourcesBuildPhase section */
		D6288D2225E2B5DB00D73A61 /* Resources */ = {
			isa = PBXResourcesBuildPhase;
			buildActionMask = 2147483647;
			files = (
				D67C657925E5715F00F15290 /* Community.storyboard in Resources */,
				0026126E25FB23BF000B40D1 /* ChallengeTableViewCell.xib in Resources */,
				5913B23D25EF2E4D002AAA8C /* NotoSansCJKkr-Black.otf in Resources */,
				00D8632525FF3E2200E9EFF9 /* ReadingBookCollectionViewCell.xib in Resources */,
				5913B23B25EF2E4D002AAA8C /* NotoSansCJKkr-DemiLight.otf in Resources */,
				D6288D3425E2B5DD00D73A61 /* LaunchScreen.storyboard in Resources */,
				5913B23A25EF2E4D002AAA8C /* NotoSansCJKkr-Light.otf in Resources */,
				D6288D3125E2B5DD00D73A61 /* Assets.xcassets in Resources */,
				59F4F27425F7858700E82417 /* FullJournalCell.xib in Resources */,
				59F4F26B25F657A600E82417 /* ReviewDropDownCell.xib in Resources */,
				00C3418825FD1873009B2A34 /* Firecracker.sks in Resources */,
				5913B23825EF2E4D002AAA8C /* NotoSansCJKkr-Regular.otf in Resources */,
				599D3AD125F26EC00085F134 /* FullReviewCell.xib in Resources */,
				59F4F2C025F902B200E82417 /* CreateReviewViewController.xib in Resources */,
				599D3A9F25F08BFF0085F134 /* FocusView.xib in Resources */,
				599D3AC225F1E32B0085F134 /* ReviewHeaderCell.xib in Resources */,
				5913B23C25EF2E4D002AAA8C /* NotoSansCJKkr-Thin.otf in Resources */,
				5913B23E25EF2E4D002AAA8C /* NotoSansCJKkr-Medium.otf in Resources */,
				59F4F2F625F9B9A300E82417 /* ReviewBookInfoCell.xib in Resources */,
				D678693725F5426400DBB59C /* ReviewTableViewCell.xib in Resources */,
				599D3A9B25F08A9F0085F134 /* MenuCell.xib in Resources */,
				D6288D2F25E2B5DB00D73A61 /* Main.storyboard in Resources */,
				59F4F2FB25F9BD8600E82417 /* ReviewRatingCell.xib in Resources */,
				599D3AB725F11AB30085F134 /* ReviewCell.xib in Resources */,
				D6509DE725EAC87F000D7160 /* Login.storyboard in Resources */,
				D67C657C25E5717300F15290 /* My.storyboard in Resources */,
				D649DDAB25E67A9E00C6CD5B /* Goal.storyboard in Resources */,
				D67C657625E566C600F15290 /* Library.storyboard in Resources */,
				599D3ACC25F240A60085F134 /* JournalHeaderCell.xib in Resources */,
				59F4F2EE25F9A5FB00E82417 /* NotoSans-SemiBold.ttf in Resources */,
				59F4F30025F9C38200E82417 /* ReviewWritingCell.xib in Resources */,
				599D3AC725F236510085F134 /* JournalCell.xib in Resources */,
				0026127325FB244C000B40D1 /* DaillyReadingTableViewCell.xib in Resources */,
				5913B22F25EF2E0C002AAA8C /* GmarketSansMedium.otf in Resources */,
				00C3418925FD1873009B2A34 /* Assets.xcassets in Resources */,
				5913B23925EF2E4D002AAA8C /* NotoSansCJKkr-Bold.otf in Resources */,
			);
			runOnlyForDeploymentPostprocessing = 0;
		};
/* End PBXResourcesBuildPhase section */

/* Begin PBXShellScriptBuildPhase section */
		1214D7A9F0249ED758F14390 /* [CP] Check Pods Manifest.lock */ = {
			isa = PBXShellScriptBuildPhase;
			buildActionMask = 2147483647;
			files = (
			);
			inputFileListPaths = (
			);
			inputPaths = (
				"${PODS_PODFILE_DIR_PATH}/Podfile.lock",
				"${PODS_ROOT}/Manifest.lock",
			);
			name = "[CP] Check Pods Manifest.lock";
			outputFileListPaths = (
			);
			outputPaths = (
				"$(DERIVED_FILE_DIR)/Pods-ReadingPiece-checkManifestLockResult.txt",
			);
			runOnlyForDeploymentPostprocessing = 0;
			shellPath = /bin/sh;
			shellScript = "diff \"${PODS_PODFILE_DIR_PATH}/Podfile.lock\" \"${PODS_ROOT}/Manifest.lock\" > /dev/null\nif [ $? != 0 ] ; then\n    # print error to STDERR\n    echo \"error: The sandbox is not in sync with the Podfile.lock. Run 'pod install' or update your CocoaPods installation.\" >&2\n    exit 1\nfi\n# This output is used by Xcode 'outputs' to avoid re-running this script phase.\necho \"SUCCESS\" > \"${SCRIPT_OUTPUT_FILE_0}\"\n";
			showEnvVarsInLog = 0;
		};
		FE92420FCFFAA71B7D177355 /* [CP] Embed Pods Frameworks */ = {
			isa = PBXShellScriptBuildPhase;
			buildActionMask = 2147483647;
			files = (
			);
			inputFileListPaths = (
				"${PODS_ROOT}/Target Support Files/Pods-ReadingPiece/Pods-ReadingPiece-frameworks-${CONFIGURATION}-input-files.xcfilelist",
			);
			name = "[CP] Embed Pods Frameworks";
			outputFileListPaths = (
				"${PODS_ROOT}/Target Support Files/Pods-ReadingPiece/Pods-ReadingPiece-frameworks-${CONFIGURATION}-output-files.xcfilelist",
			);
			runOnlyForDeploymentPostprocessing = 0;
			shellPath = /bin/sh;
			shellScript = "\"${PODS_ROOT}/Target Support Files/Pods-ReadingPiece/Pods-ReadingPiece-frameworks.sh\"\n";
			showEnvVarsInLog = 0;
		};
/* End PBXShellScriptBuildPhase section */

/* Begin PBXSourcesBuildPhase section */
		D6288D2025E2B5DB00D73A61 /* Sources */ = {
			isa = PBXSourcesBuildPhase;
			buildActionMask = 2147483647;
			files = (
				59F4F2F525F9B9A300E82417 /* ReviewBookInfoCell.swift in Sources */,
				599D3ACB25F240A60085F134 /* JournalHeaderCell.swift in Sources */,
				D67C659125E5BEA700F15290 /* CommunityNavViewController.swift in Sources */,
				599D3AD025F26EC00085F134 /* FullReviewCell.swift in Sources */,
				59F4F2FA25F9BD8600E82417 /* ReviewRatingCell.swift in Sources */,
				00838FD125F3640500340AE0 /* TimerStopViewController.swift in Sources */,
				59F4F2FF25F9C38200E82417 /* ReviewWritingCell.swift in Sources */,
				00D8632B25FF77D200E9EFF9 /* Stopwatch.swift in Sources */,
				59F4F22C25F5C0AB00E82417 /* Review.swift in Sources */,
				0026127925FB2501000B40D1 /* CALayer.swift in Sources */,
				D67C659525E5BEB700F15290 /* LibraryNavViewController.swift in Sources */,
				D678692D25F53B5900DBB59C /* BookDetailViewController.swift in Sources */,
				599D3AC625F236510085F134 /* JournalCell.swift in Sources */,
				0026126D25FB23BF000B40D1 /* ChallengeTableViewCell.swift in Sources */,
				D6288D2C25E2B5DB00D73A61 /* ViewController.swift in Sources */,
				599D3AA725F090B40085F134 /* JournalViewController.swift in Sources */,
				00838FDC25F3659700340AE0 /* DaillyReadingWritenViewController.swift in Sources */,
				D649DDAE25E67BD500C6CD5B /* GoalNavViewController.swift in Sources */,
				0026127625FB24E7000B40D1 /* UIButton.swift in Sources */,
				D67C658D25E5B08300F15290 /* MyNavViewController.swift in Sources */,
				00838FCE25F362DD00340AE0 /* TimerViewController.swift in Sources */,
				00838FC625F3607A00340AE0 /* Colors.swift in Sources */,
				D6FF1B6C25F219F000A0B980 /* TimeViewController.swift in Sources */,
				00BCFD3025FB006400E1E2E7 /* NSMutableAttributedString.swift in Sources */,
				599D3AA425F0909B0085F134 /* ReviewViewController.swift in Sources */,
				0026127F25FB2569000B40D1 /* DaillyDiaryWrittenCompletionViewController.swift in Sources */,
				59F4F32825F9F0B200E82417 /* SearchBookViewController.swift in Sources */,
				D6288D2825E2B5DB00D73A61 /* AppDelegate.swift in Sources */,
				D67C657F25E571A100F15290 /* LibraryViewController.swift in Sources */,
				59F4F2BF25F902B200E82417 /* CreateReviewViewController.swift in Sources */,
				59F4F27325F7858700E82417 /* FullJournalCell.swift in Sources */,
				0026127225FB244C000B40D1 /* DaillyReadingTableViewCell.swift in Sources */,
				59F4F26A25F657A600E82417 /* ReviewDropDownCell.swift in Sources */,
				00838FF125F5017200340AE0 /* IndicatorView.swift in Sources */,
				D678693625F5426400DBB59C /* ReviewTableViewCell.swift in Sources */,
				D65C7BFB25F6761700944094 /* BookReviewViewController.swift in Sources */,
				D678693625F5426400DBB59C /* ReviewTableViewCell.swift in Sources */,
				D67C658225E572DB00F15290 /* CommunityViewController.swift in Sources */,
				00D8632425FF3E2200E9EFF9 /* ReadingBookCollectionViewCell.swift in Sources */,
				0026128525FB25A3000B40D1 /* ReviewWrittenViewController.swift in Sources */,
				0026128225FB2585000B40D1 /* ChallengeCompletionViewController.swift in Sources */,
				00D8632F25FF867F00E9EFF9 /* Constants.swift in Sources */,
				599D3AC125F1E32B0085F134 /* ReviewHeaderCell.swift in Sources */,
				D67C658525E572FA00F15290 /* MyViewController.swift in Sources */,
				D6FF1B7125F2408700A0B980 /* SearchViewController.swift in Sources */,
				D649DDB225E6D05F00C6CD5B /* BookSearchNavViewController.swift in Sources */,
				599D3AB625F11AB30085F134 /* ReviewCell.swift in Sources */,
				D6F153E625F9159C0044900E /* Book.swift in Sources */,
				D6FDB2F925EBC2B600F129B3 /* LoginViewController.swift in Sources */,
				0026127C25FB2547000B40D1 /* DailyReadingWrittenViewController.swift in Sources */,
				59F4F22F25F5C0B400E82417 /* Review.swift in Sources */,
				59F4F22125F5C05000E82417 /* UIFont.swift in Sources */,
				59F4F22425F5C09500E82417 /* UIFont.swift in Sources */,
				59F4F26F25F76CF500E82417 /* Journal.swift in Sources */,
				0026128825FB25BE000B40D1 /* InputReadingStatusPopupViewController.swift in Sources */,
				D6AC741225FF4EDE0072F2F5 /* CommentViewController.swift in Sources */,
				005E154725FB7636003CD008 /* InputReadingPercentPopupViewController.swift in Sources */,
				D60B364A25EE300D000E949D /* TermViewController.swift in Sources */,
				599D3A9825F08A690085F134 /* MenuCell.swift in Sources */,
				D6288D2A25E2B5DB00D73A61 /* SceneDelegate.swift in Sources */,
				D6F153E925F9395B0044900E /* NetworkAPI.swift in Sources */,
			);
			runOnlyForDeploymentPostprocessing = 0;
		};
/* End PBXSourcesBuildPhase section */

/* Begin PBXVariantGroup section */
		D6288D2D25E2B5DB00D73A61 /* Main.storyboard */ = {
			isa = PBXVariantGroup;
			children = (
				D6288D2E25E2B5DB00D73A61 /* Base */,
			);
			name = Main.storyboard;
			sourceTree = "<group>";
		};
		D6288D3225E2B5DD00D73A61 /* LaunchScreen.storyboard */ = {
			isa = PBXVariantGroup;
			children = (
				D6288D3325E2B5DD00D73A61 /* Base */,
			);
			name = LaunchScreen.storyboard;
			sourceTree = "<group>";
		};
/* End PBXVariantGroup section */

/* Begin XCBuildConfiguration section */
		D6288D3625E2B5DD00D73A61 /* Debug */ = {
			isa = XCBuildConfiguration;
			buildSettings = {
				ALWAYS_SEARCH_USER_PATHS = NO;
				CLANG_ANALYZER_NONNULL = YES;
				CLANG_ANALYZER_NUMBER_OBJECT_CONVERSION = YES_AGGRESSIVE;
				CLANG_CXX_LANGUAGE_STANDARD = "gnu++14";
				CLANG_CXX_LIBRARY = "libc++";
				CLANG_ENABLE_MODULES = YES;
				CLANG_ENABLE_OBJC_ARC = YES;
				CLANG_ENABLE_OBJC_WEAK = YES;
				CLANG_WARN_BLOCK_CAPTURE_AUTORELEASING = YES;
				CLANG_WARN_BOOL_CONVERSION = YES;
				CLANG_WARN_COMMA = YES;
				CLANG_WARN_CONSTANT_CONVERSION = YES;
				CLANG_WARN_DEPRECATED_OBJC_IMPLEMENTATIONS = YES;
				CLANG_WARN_DIRECT_OBJC_ISA_USAGE = YES_ERROR;
				CLANG_WARN_DOCUMENTATION_COMMENTS = YES;
				CLANG_WARN_EMPTY_BODY = YES;
				CLANG_WARN_ENUM_CONVERSION = YES;
				CLANG_WARN_INFINITE_RECURSION = YES;
				CLANG_WARN_INT_CONVERSION = YES;
				CLANG_WARN_NON_LITERAL_NULL_CONVERSION = YES;
				CLANG_WARN_OBJC_IMPLICIT_RETAIN_SELF = YES;
				CLANG_WARN_OBJC_LITERAL_CONVERSION = YES;
				CLANG_WARN_OBJC_ROOT_CLASS = YES_ERROR;
				CLANG_WARN_QUOTED_INCLUDE_IN_FRAMEWORK_HEADER = YES;
				CLANG_WARN_RANGE_LOOP_ANALYSIS = YES;
				CLANG_WARN_STRICT_PROTOTYPES = YES;
				CLANG_WARN_SUSPICIOUS_MOVE = YES;
				CLANG_WARN_UNGUARDED_AVAILABILITY = YES_AGGRESSIVE;
				CLANG_WARN_UNREACHABLE_CODE = YES;
				CLANG_WARN__DUPLICATE_METHOD_MATCH = YES;
				COPY_PHASE_STRIP = NO;
				DEBUG_INFORMATION_FORMAT = dwarf;
				ENABLE_STRICT_OBJC_MSGSEND = YES;
				ENABLE_TESTABILITY = YES;
				GCC_C_LANGUAGE_STANDARD = gnu11;
				GCC_DYNAMIC_NO_PIC = NO;
				GCC_NO_COMMON_BLOCKS = YES;
				GCC_OPTIMIZATION_LEVEL = 0;
				GCC_PREPROCESSOR_DEFINITIONS = (
					"DEBUG=1",
					"$(inherited)",
				);
				GCC_WARN_64_TO_32_BIT_CONVERSION = YES;
				GCC_WARN_ABOUT_RETURN_TYPE = YES_ERROR;
				GCC_WARN_UNDECLARED_SELECTOR = YES;
				GCC_WARN_UNINITIALIZED_AUTOS = YES_AGGRESSIVE;
				GCC_WARN_UNUSED_FUNCTION = YES;
				GCC_WARN_UNUSED_VARIABLE = YES;
				IPHONEOS_DEPLOYMENT_TARGET = 14.4;
				MTL_ENABLE_DEBUG_INFO = INCLUDE_SOURCE;
				MTL_FAST_MATH = YES;
				ONLY_ACTIVE_ARCH = YES;
				SDKROOT = iphoneos;
				SWIFT_ACTIVE_COMPILATION_CONDITIONS = DEBUG;
				SWIFT_OPTIMIZATION_LEVEL = "-Onone";
			};
			name = Debug;
		};
		D6288D3725E2B5DD00D73A61 /* Release */ = {
			isa = XCBuildConfiguration;
			buildSettings = {
				ALWAYS_SEARCH_USER_PATHS = NO;
				CLANG_ANALYZER_NONNULL = YES;
				CLANG_ANALYZER_NUMBER_OBJECT_CONVERSION = YES_AGGRESSIVE;
				CLANG_CXX_LANGUAGE_STANDARD = "gnu++14";
				CLANG_CXX_LIBRARY = "libc++";
				CLANG_ENABLE_MODULES = YES;
				CLANG_ENABLE_OBJC_ARC = YES;
				CLANG_ENABLE_OBJC_WEAK = YES;
				CLANG_WARN_BLOCK_CAPTURE_AUTORELEASING = YES;
				CLANG_WARN_BOOL_CONVERSION = YES;
				CLANG_WARN_COMMA = YES;
				CLANG_WARN_CONSTANT_CONVERSION = YES;
				CLANG_WARN_DEPRECATED_OBJC_IMPLEMENTATIONS = YES;
				CLANG_WARN_DIRECT_OBJC_ISA_USAGE = YES_ERROR;
				CLANG_WARN_DOCUMENTATION_COMMENTS = YES;
				CLANG_WARN_EMPTY_BODY = YES;
				CLANG_WARN_ENUM_CONVERSION = YES;
				CLANG_WARN_INFINITE_RECURSION = YES;
				CLANG_WARN_INT_CONVERSION = YES;
				CLANG_WARN_NON_LITERAL_NULL_CONVERSION = YES;
				CLANG_WARN_OBJC_IMPLICIT_RETAIN_SELF = YES;
				CLANG_WARN_OBJC_LITERAL_CONVERSION = YES;
				CLANG_WARN_OBJC_ROOT_CLASS = YES_ERROR;
				CLANG_WARN_QUOTED_INCLUDE_IN_FRAMEWORK_HEADER = YES;
				CLANG_WARN_RANGE_LOOP_ANALYSIS = YES;
				CLANG_WARN_STRICT_PROTOTYPES = YES;
				CLANG_WARN_SUSPICIOUS_MOVE = YES;
				CLANG_WARN_UNGUARDED_AVAILABILITY = YES_AGGRESSIVE;
				CLANG_WARN_UNREACHABLE_CODE = YES;
				CLANG_WARN__DUPLICATE_METHOD_MATCH = YES;
				COPY_PHASE_STRIP = NO;
				DEBUG_INFORMATION_FORMAT = "dwarf-with-dsym";
				ENABLE_NS_ASSERTIONS = NO;
				ENABLE_STRICT_OBJC_MSGSEND = YES;
				GCC_C_LANGUAGE_STANDARD = gnu11;
				GCC_NO_COMMON_BLOCKS = YES;
				GCC_WARN_64_TO_32_BIT_CONVERSION = YES;
				GCC_WARN_ABOUT_RETURN_TYPE = YES_ERROR;
				GCC_WARN_UNDECLARED_SELECTOR = YES;
				GCC_WARN_UNINITIALIZED_AUTOS = YES_AGGRESSIVE;
				GCC_WARN_UNUSED_FUNCTION = YES;
				GCC_WARN_UNUSED_VARIABLE = YES;
				IPHONEOS_DEPLOYMENT_TARGET = 14.4;
				MTL_ENABLE_DEBUG_INFO = NO;
				MTL_FAST_MATH = YES;
				SDKROOT = iphoneos;
				SWIFT_COMPILATION_MODE = wholemodule;
				SWIFT_OPTIMIZATION_LEVEL = "-O";
				VALIDATE_PRODUCT = YES;
			};
			name = Release;
		};
		D6288D3925E2B5DD00D73A61 /* Debug */ = {
			isa = XCBuildConfiguration;
			baseConfigurationReference = B14B5E8417CEC3FBF46E4B54 /* Pods-ReadingPiece.debug.xcconfig */;
			buildSettings = {
				ASSETCATALOG_COMPILER_APPICON_NAME = AppIcon;
				ASSETCATALOG_COMPILER_GLOBAL_ACCENT_COLOR_NAME = AccentColor;
				CODE_SIGN_STYLE = Automatic;
				DEVELOPMENT_TEAM = 9S4MGTSS3Y;
				INFOPLIST_FILE = ReadingPiece/Info.plist;
				IPHONEOS_DEPLOYMENT_TARGET = 13.0;
				LD_RUNPATH_SEARCH_PATHS = (
					"$(inherited)",
					"@executable_path/Frameworks",
				);
				PRODUCT_BUNDLE_IDENTIFIER = makeus.want.ReadingPiece;
				PRODUCT_NAME = "$(TARGET_NAME)";
				SWIFT_VERSION = 5.0;
				TARGETED_DEVICE_FAMILY = "1,2";
			};
			name = Debug;
		};
		D6288D3A25E2B5DD00D73A61 /* Release */ = {
			isa = XCBuildConfiguration;
			baseConfigurationReference = 049711AD81EEFAB3F8E9AE75 /* Pods-ReadingPiece.release.xcconfig */;
			buildSettings = {
				ASSETCATALOG_COMPILER_APPICON_NAME = AppIcon;
				ASSETCATALOG_COMPILER_GLOBAL_ACCENT_COLOR_NAME = AccentColor;
				CODE_SIGN_STYLE = Automatic;
				DEVELOPMENT_TEAM = 9S4MGTSS3Y;
				INFOPLIST_FILE = ReadingPiece/Info.plist;
				IPHONEOS_DEPLOYMENT_TARGET = 13.0;
				LD_RUNPATH_SEARCH_PATHS = (
					"$(inherited)",
					"@executable_path/Frameworks",
				);
				PRODUCT_BUNDLE_IDENTIFIER = makeus.want.ReadingPiece;
				PRODUCT_NAME = "$(TARGET_NAME)";
				SWIFT_VERSION = 5.0;
				TARGETED_DEVICE_FAMILY = "1,2";
			};
			name = Release;
		};
/* End XCBuildConfiguration section */

/* Begin XCConfigurationList section */
		D6288D1F25E2B5DB00D73A61 /* Build configuration list for PBXProject "ReadingPiece" */ = {
			isa = XCConfigurationList;
			buildConfigurations = (
				D6288D3625E2B5DD00D73A61 /* Debug */,
				D6288D3725E2B5DD00D73A61 /* Release */,
			);
			defaultConfigurationIsVisible = 0;
			defaultConfigurationName = Release;
		};
		D6288D3825E2B5DD00D73A61 /* Build configuration list for PBXNativeTarget "ReadingPiece" */ = {
			isa = XCConfigurationList;
			buildConfigurations = (
				D6288D3925E2B5DD00D73A61 /* Debug */,
				D6288D3A25E2B5DD00D73A61 /* Release */,
			);
			defaultConfigurationIsVisible = 0;
			defaultConfigurationName = Release;
		};
/* End XCConfigurationList section */
	};
	rootObject = D6288D1C25E2B5DB00D73A61 /* Project object */;
}
